// !$*UTF8*$!
{
	archiveVersion = 1;
	classes = {
	};
	objectVersion = 46;
	objects = {

/* Begin PBXBuildFile section */
		0099F66314F9363A0097902E /* Matrix2DCoordinateSpec.m in Sources */ = {isa = PBXBuildFile; fileRef = 0099F66214F9363A0097902E /* Matrix2DCoordinateSpec.m */; };
		0099F66614F93E120097902E /* CellSpec.m in Sources */ = {isa = PBXBuildFile; fileRef = 0099F66514F93E120097902E /* CellSpec.m */; };
		0099F67214F9694D0097902E /* SaveEcosystemViewController.m in Sources */ = {isa = PBXBuildFile; fileRef = 0099F67014F9694D0097902E /* SaveEcosystemViewController.m */; };
		0099F67314F9694D0097902E /* SaveEcosystemViewController.m in Sources */ = {isa = PBXBuildFile; fileRef = 0099F67014F9694D0097902E /* SaveEcosystemViewController.m */; };
		0099F67414F9694D0097902E /* SaveEcosystemViewController.xib in Resources */ = {isa = PBXBuildFile; fileRef = 0099F67114F9694D0097902E /* SaveEcosystemViewController.xib */; };
		0099F67514F9694D0097902E /* SaveEcosystemViewController.xib in Resources */ = {isa = PBXBuildFile; fileRef = 0099F67114F9694D0097902E /* SaveEcosystemViewController.xib */; };
		0099F67B14F971930097902E /* EditableRowCell.xib in Resources */ = {isa = PBXBuildFile; fileRef = 0099F67A14F971930097902E /* EditableRowCell.xib */; };
		0099F67C14F971930097902E /* EditableRowCell.xib in Resources */ = {isa = PBXBuildFile; fileRef = 0099F67A14F971930097902E /* EditableRowCell.xib */; };
		0099F68414FBDF1B0097902E /* LoadEcosystemTableViewController.m in Sources */ = {isa = PBXBuildFile; fileRef = 0099F68214FBDF1B0097902E /* LoadEcosystemTableViewController.m */; };
		0099F68514FBDF1B0097902E /* LoadEcosystemTableViewController.m in Sources */ = {isa = PBXBuildFile; fileRef = 0099F68214FBDF1B0097902E /* LoadEcosystemTableViewController.m */; };
		0099F68614FBDF1B0097902E /* LoadEcosystemTableViewController.xib in Resources */ = {isa = PBXBuildFile; fileRef = 0099F68314FBDF1B0097902E /* LoadEcosystemTableViewController.xib */; };
		0099F68714FBDF1B0097902E /* LoadEcosystemTableViewController.xib in Resources */ = {isa = PBXBuildFile; fileRef = 0099F68314FBDF1B0097902E /* LoadEcosystemTableViewController.xib */; };
		00A681A814ED7D29005B32E1 /* GenSoupViewControllerSpec.m in Sources */ = {isa = PBXBuildFile; fileRef = 00A681A714ED7D29005B32E1 /* GenSoupViewControllerSpec.m */; };
		00C1F82D14EEC8C9009DA3E8 /* EcosystemSpec.m in Sources */ = {isa = PBXBuildFile; fileRef = 00C1F82C14EEC8C9009DA3E8 /* EcosystemSpec.m */; };
		E69137E913BF2CC6006233DC /* libOCMock.a in Frameworks */ = {isa = PBXBuildFile; fileRef = E69137E213BF2CC6006233DC /* libOCMock.a */; };
		E69137FD13BF4D12006233DC /* EcosystemViewTests.m in Sources */ = {isa = PBXBuildFile; fileRef = E69137FC13BF4D12006233DC /* EcosystemViewTests.m */; };
		E691380013BFBDF6006233DC /* CellViewTests.m in Sources */ = {isa = PBXBuildFile; fileRef = E69137FF13BFBDF5006233DC /* CellViewTests.m */; };
		E6B42ED9144F81870070DE36 /* KWAfterAllNode.m in Sources */ = {isa = PBXBuildFile; fileRef = E6B42E49144F81870070DE36 /* KWAfterAllNode.m */; };
		E6B42EDA144F81870070DE36 /* KWAfterEachNode.m in Sources */ = {isa = PBXBuildFile; fileRef = E6B42E4B144F81870070DE36 /* KWAfterEachNode.m */; };
		E6B42EDB144F81870070DE36 /* KWAsyncVerifier.m in Sources */ = {isa = PBXBuildFile; fileRef = E6B42E4D144F81870070DE36 /* KWAsyncVerifier.m */; };
		E6B42EDC144F81870070DE36 /* KWBeBetweenMatcher.m in Sources */ = {isa = PBXBuildFile; fileRef = E6B42E4F144F81870070DE36 /* KWBeBetweenMatcher.m */; };
		E6B42EDD144F81870070DE36 /* KWBeEmptyMatcher.m in Sources */ = {isa = PBXBuildFile; fileRef = E6B42E51144F81870070DE36 /* KWBeEmptyMatcher.m */; };
		E6B42EDE144F81870070DE36 /* KWBeforeAllNode.m in Sources */ = {isa = PBXBuildFile; fileRef = E6B42E53144F81870070DE36 /* KWBeforeAllNode.m */; };
		E6B42EDF144F81870070DE36 /* KWBeforeEachNode.m in Sources */ = {isa = PBXBuildFile; fileRef = E6B42E55144F81870070DE36 /* KWBeforeEachNode.m */; };
		E6B42EE0144F81870070DE36 /* KWBeIdenticalToMatcher.m in Sources */ = {isa = PBXBuildFile; fileRef = E6B42E57144F81870070DE36 /* KWBeIdenticalToMatcher.m */; };
		E6B42EE1144F81870070DE36 /* KWBeKindOfClassMatcher.m in Sources */ = {isa = PBXBuildFile; fileRef = E6B42E59144F81870070DE36 /* KWBeKindOfClassMatcher.m */; };
		E6B42EE2144F81870070DE36 /* KWBeMemberOfClassMatcher.m in Sources */ = {isa = PBXBuildFile; fileRef = E6B42E5B144F81870070DE36 /* KWBeMemberOfClassMatcher.m */; };
		E6B42EE3144F81870070DE36 /* KWBeNilMatcher.m in Sources */ = {isa = PBXBuildFile; fileRef = E6B42E5D144F81870070DE36 /* KWBeNilMatcher.m */; };
		E6B42EE4144F81870070DE36 /* KWBeNonNilMatcher.m in Sources */ = {isa = PBXBuildFile; fileRef = E6B42E5F144F81870070DE36 /* KWBeNonNilMatcher.m */; };
		E6B42EE5144F81870070DE36 /* KWBeTrueMatcher.m in Sources */ = {isa = PBXBuildFile; fileRef = E6B42E61144F81870070DE36 /* KWBeTrueMatcher.m */; };
		E6B42EE6144F81870070DE36 /* KWBeWithinMatcher.m in Sources */ = {isa = PBXBuildFile; fileRef = E6B42E63144F81870070DE36 /* KWBeWithinMatcher.m */; };
		E6B42EE7144F81870070DE36 /* KWBeZeroMatcher.m in Sources */ = {isa = PBXBuildFile; fileRef = E6B42E65144F81870070DE36 /* KWBeZeroMatcher.m */; };
		E6B42EE8144F81870070DE36 /* KWBlock.m in Sources */ = {isa = PBXBuildFile; fileRef = E6B42E67144F81870070DE36 /* KWBlock.m */; };
		E6B42EE9144F81870070DE36 /* KWBlockNode.m in Sources */ = {isa = PBXBuildFile; fileRef = E6B42E69144F81870070DE36 /* KWBlockNode.m */; };
		E6B42EEA144F81870070DE36 /* KWBlockRaiseMatcher.m in Sources */ = {isa = PBXBuildFile; fileRef = E6B42E6B144F81870070DE36 /* KWBlockRaiseMatcher.m */; };
		E6B42EEB144F81870070DE36 /* KWCallSite.m in Sources */ = {isa = PBXBuildFile; fileRef = E6B42E6D144F81870070DE36 /* KWCallSite.m */; };
		E6B42EEC144F81870070DE36 /* KWConformToProtocolMatcher.m in Sources */ = {isa = PBXBuildFile; fileRef = E6B42E6F144F81870070DE36 /* KWConformToProtocolMatcher.m */; };
		E6B42EED144F81870070DE36 /* KWContainMatcher.m in Sources */ = {isa = PBXBuildFile; fileRef = E6B42E71144F81870070DE36 /* KWContainMatcher.m */; };
		E6B42EEE144F81870070DE36 /* KWContextNode.m in Sources */ = {isa = PBXBuildFile; fileRef = E6B42E73144F81870070DE36 /* KWContextNode.m */; };
		E6B42EEF144F81870070DE36 /* KWDeviceInfo.m in Sources */ = {isa = PBXBuildFile; fileRef = E6B42E76144F81870070DE36 /* KWDeviceInfo.m */; };
		E6B42EF0144F81870070DE36 /* KWEqualMatcher.m in Sources */ = {isa = PBXBuildFile; fileRef = E6B42E78144F81870070DE36 /* KWEqualMatcher.m */; };
		E6B42EF1144F81870070DE36 /* KWExampleGroup.m in Sources */ = {isa = PBXBuildFile; fileRef = E6B42E7A144F81870070DE36 /* KWExampleGroup.m */; };
		E6B42EF2144F81870070DE36 /* KWExampleGroupBuilder.m in Sources */ = {isa = PBXBuildFile; fileRef = E6B42E7C144F81870070DE36 /* KWExampleGroupBuilder.m */; };
		E6B42EF3144F81870070DE36 /* KWExistVerifier.m in Sources */ = {isa = PBXBuildFile; fileRef = E6B42E81144F81870070DE36 /* KWExistVerifier.m */; };
		E6B42EF4144F81870070DE36 /* KWFailure.m in Sources */ = {isa = PBXBuildFile; fileRef = E6B42E84144F81870070DE36 /* KWFailure.m */; };
		E6B42EF5144F81870070DE36 /* KWFormatter.m in Sources */ = {isa = PBXBuildFile; fileRef = E6B42E86144F81870070DE36 /* KWFormatter.m */; };
		E6B42EF6144F81870070DE36 /* KWFutureObject.m in Sources */ = {isa = PBXBuildFile; fileRef = E6B42E88144F81870070DE36 /* KWFutureObject.m */; };
		E6B42EF7144F81870070DE36 /* KWHamcrestMatcher.m in Sources */ = {isa = PBXBuildFile; fileRef = E6B42E8A144F81870070DE36 /* KWHamcrestMatcher.m */; };
		E6B42EF8144F81870070DE36 /* KWHamrestMatchingAdditions.m in Sources */ = {isa = PBXBuildFile; fileRef = E6B42E8C144F81870070DE36 /* KWHamrestMatchingAdditions.m */; };
		E6B42EF9144F81870070DE36 /* KWHaveMatcher.m in Sources */ = {isa = PBXBuildFile; fileRef = E6B42E8E144F81870070DE36 /* KWHaveMatcher.m */; };
		E6B42EFA144F81870070DE36 /* KWHaveValueMatcher.m in Sources */ = {isa = PBXBuildFile; fileRef = E6B42E90144F81870070DE36 /* KWHaveValueMatcher.m */; };
		E6B42EFB144F81870070DE36 /* KWInequalityMatcher.m in Sources */ = {isa = PBXBuildFile; fileRef = E6B42E93144F81870070DE36 /* KWInequalityMatcher.m */; };
		E6B42EFC144F81870070DE36 /* KWIntercept.m in Sources */ = {isa = PBXBuildFile; fileRef = E6B42E95144F81870070DE36 /* KWIntercept.m */; };
		E6B42EFD144F81870070DE36 /* KWInvocationCapturer.m in Sources */ = {isa = PBXBuildFile; fileRef = E6B42E97144F81870070DE36 /* KWInvocationCapturer.m */; };
		E6B42EFE144F81870070DE36 /* KWItNode.m in Sources */ = {isa = PBXBuildFile; fileRef = E6B42E99144F81870070DE36 /* KWItNode.m */; };
		E6B42EFF144F81870070DE36 /* KWMatcher.m in Sources */ = {isa = PBXBuildFile; fileRef = E6B42E9B144F81870070DE36 /* KWMatcher.m */; };
		E6B42F00144F81870070DE36 /* KWMatcherFactory.m in Sources */ = {isa = PBXBuildFile; fileRef = E6B42E9D144F81870070DE36 /* KWMatcherFactory.m */; };
		E6B42F01144F81870070DE36 /* KWMatchers.m in Sources */ = {isa = PBXBuildFile; fileRef = E6B42E9F144F81870070DE36 /* KWMatchers.m */; };
		E6B42F02144F81870070DE36 /* KWMatchVerifier.m in Sources */ = {isa = PBXBuildFile; fileRef = E6B42EA2144F81870070DE36 /* KWMatchVerifier.m */; };
		E6B42F03144F81870070DE36 /* KWMessagePattern.m in Sources */ = {isa = PBXBuildFile; fileRef = E6B42EA4144F81870070DE36 /* KWMessagePattern.m */; };
		E6B42F04144F81870070DE36 /* KWMessageTracker.m in Sources */ = {isa = PBXBuildFile; fileRef = E6B42EA7144F81870070DE36 /* KWMessageTracker.m */; };
		E6B42F05144F81870070DE36 /* KWMock.m in Sources */ = {isa = PBXBuildFile; fileRef = E6B42EA9144F81870070DE36 /* KWMock.m */; };
		E6B42F06144F81870070DE36 /* KWNull.m in Sources */ = {isa = PBXBuildFile; fileRef = E6B42EAB144F81870070DE36 /* KWNull.m */; };
		E6B42F07144F81870070DE36 /* KWObjCUtilities.m in Sources */ = {isa = PBXBuildFile; fileRef = E6B42EAD144F81870070DE36 /* KWObjCUtilities.m */; };
		E6B42F08144F81870070DE36 /* KWPendingNode.m in Sources */ = {isa = PBXBuildFile; fileRef = E6B42EAF144F81870070DE36 /* KWPendingNode.m */; };
		E6B42F09144F81870070DE36 /* KWProbePoller.m in Sources */ = {isa = PBXBuildFile; fileRef = E6B42EB2144F81870070DE36 /* KWProbePoller.m */; };
		E6B42F0A144F81870070DE36 /* KWRaiseMatcher.m in Sources */ = {isa = PBXBuildFile; fileRef = E6B42EB4144F81870070DE36 /* KWRaiseMatcher.m */; };
		E6B42F0B144F81870070DE36 /* KWReceiveMatcher.m in Sources */ = {isa = PBXBuildFile; fileRef = E6B42EB6144F81870070DE36 /* KWReceiveMatcher.m */; };
		E6B42F0C144F81870070DE36 /* KWRegisterMatchersNode.m in Sources */ = {isa = PBXBuildFile; fileRef = E6B42EB8144F81870070DE36 /* KWRegisterMatchersNode.m */; };
		E6B42F0D144F81870070DE36 /* KWRespondToSelectorMatcher.m in Sources */ = {isa = PBXBuildFile; fileRef = E6B42EBB144F81870070DE36 /* KWRespondToSelectorMatcher.m */; };
		E6B42F0E144F81870070DE36 /* KWSpec.m in Sources */ = {isa = PBXBuildFile; fileRef = E6B42EBD144F81870070DE36 /* KWSpec.m */; };
		E6B42F0F144F81870070DE36 /* KWStringUtilities.m in Sources */ = {isa = PBXBuildFile; fileRef = E6B42EBF144F81870070DE36 /* KWStringUtilities.m */; };
		E6B42F10144F81870070DE36 /* KWStub.m in Sources */ = {isa = PBXBuildFile; fileRef = E6B42EC1144F81870070DE36 /* KWStub.m */; };
		E6B42F11144F81870070DE36 /* KWTestCase.m in Sources */ = {isa = PBXBuildFile; fileRef = E6B42EC3144F81870070DE36 /* KWTestCase.m */; };
		E6B42F12144F81870070DE36 /* KWUserDefinedMatcher.m in Sources */ = {isa = PBXBuildFile; fileRef = E6B42EC5144F81870070DE36 /* KWUserDefinedMatcher.m */; };
		E6B42F13144F81870070DE36 /* KWValue.m in Sources */ = {isa = PBXBuildFile; fileRef = E6B42EC7144F81870070DE36 /* KWValue.m */; };
		E6B42F14144F81870070DE36 /* KWWorkarounds.m in Sources */ = {isa = PBXBuildFile; fileRef = E6B42ECA144F81870070DE36 /* KWWorkarounds.m */; };
		E6B42F15144F81870070DE36 /* NSInvocation+KiwiAdditions.m in Sources */ = {isa = PBXBuildFile; fileRef = E6B42ECC144F81870070DE36 /* NSInvocation+KiwiAdditions.m */; };
		E6B42F16144F81870070DE36 /* NSMethodSignature+KiwiAdditions.m in Sources */ = {isa = PBXBuildFile; fileRef = E6B42ECE144F81870070DE36 /* NSMethodSignature+KiwiAdditions.m */; };
		E6B42F17144F81870070DE36 /* NSNumber+KiwiAdditions.m in Sources */ = {isa = PBXBuildFile; fileRef = E6B42ED0144F81870070DE36 /* NSNumber+KiwiAdditions.m */; };
		E6B42F18144F81870070DE36 /* NSObject+KiwiMockAdditions.m in Sources */ = {isa = PBXBuildFile; fileRef = E6B42ED2144F81870070DE36 /* NSObject+KiwiMockAdditions.m */; };
		E6B42F19144F81870070DE36 /* NSObject+KiwiStubAdditions.m in Sources */ = {isa = PBXBuildFile; fileRef = E6B42ED4144F81870070DE36 /* NSObject+KiwiStubAdditions.m */; };
		E6B42F1A144F81870070DE36 /* NSObject+KiwiVerifierAdditions.m in Sources */ = {isa = PBXBuildFile; fileRef = E6B42ED6144F81870070DE36 /* NSObject+KiwiVerifierAdditions.m */; };
		E6B42F1B144F81870070DE36 /* NSValue+KiwiAdditions.m in Sources */ = {isa = PBXBuildFile; fileRef = E6B42ED8144F81870070DE36 /* NSValue+KiwiAdditions.m */; };
		E6D0C9BE13894ACB00B7F466 /* UIKit.framework in Frameworks */ = {isa = PBXBuildFile; fileRef = E6D0C9BD13894ACB00B7F466 /* UIKit.framework */; };
		E6D0C9C013894ACB00B7F466 /* Foundation.framework in Frameworks */ = {isa = PBXBuildFile; fileRef = E6D0C9BF13894ACB00B7F466 /* Foundation.framework */; };
		E6D0C9C213894ACB00B7F466 /* CoreGraphics.framework in Frameworks */ = {isa = PBXBuildFile; fileRef = E6D0C9C113894ACB00B7F466 /* CoreGraphics.framework */; };
		E6D0C9C813894ACB00B7F466 /* InfoPlist.strings in Resources */ = {isa = PBXBuildFile; fileRef = E6D0C9C613894ACB00B7F466 /* InfoPlist.strings */; };
		E6D0C9CB13894ACB00B7F466 /* main.m in Sources */ = {isa = PBXBuildFile; fileRef = E6D0C9CA13894ACB00B7F466 /* main.m */; };
		E6D0C9CE13894ACB00B7F466 /* GenSoupAppDelegate.m in Sources */ = {isa = PBXBuildFile; fileRef = E6D0C9CD13894ACB00B7F466 /* GenSoupAppDelegate.m */; };
		E6D0C9D113894ACB00B7F466 /* MainWindow.xib in Resources */ = {isa = PBXBuildFile; fileRef = E6D0C9CF13894ACB00B7F466 /* MainWindow.xib */; };
		E6D0C9D413894ACB00B7F466 /* GenSoupViewController.m in Sources */ = {isa = PBXBuildFile; fileRef = E6D0C9D313894ACB00B7F466 /* GenSoupViewController.m */; };
		E6D0C9D713894ACB00B7F466 /* GenSoupViewController.xib in Resources */ = {isa = PBXBuildFile; fileRef = E6D0C9D513894ACB00B7F466 /* GenSoupViewController.xib */; };
		E6D0C9DE13894ACB00B7F466 /* UIKit.framework in Frameworks */ = {isa = PBXBuildFile; fileRef = E6D0C9BD13894ACB00B7F466 /* UIKit.framework */; };
		E6D0C9DF13894ACB00B7F466 /* Foundation.framework in Frameworks */ = {isa = PBXBuildFile; fileRef = E6D0C9BF13894ACB00B7F466 /* Foundation.framework */; };
		E6D0C9E013894ACB00B7F466 /* CoreGraphics.framework in Frameworks */ = {isa = PBXBuildFile; fileRef = E6D0C9C113894ACB00B7F466 /* CoreGraphics.framework */; };
		E6D0C9E813894ACB00B7F466 /* InfoPlist.strings in Resources */ = {isa = PBXBuildFile; fileRef = E6D0C9E613894ACB00B7F466 /* InfoPlist.strings */; };
		E6D0C9EB13894ACB00B7F466 /* GenSoupTests.h in Resources */ = {isa = PBXBuildFile; fileRef = E6D0C9EA13894ACB00B7F466 /* GenSoupTests.h */; };
		E6D0C9ED13894ACB00B7F466 /* GenSoupTests.m in Sources */ = {isa = PBXBuildFile; fileRef = E6D0C9EC13894ACB00B7F466 /* GenSoupTests.m */; };
		E6D0C9F813894B1500B7F466 /* Cell.m in Sources */ = {isa = PBXBuildFile; fileRef = E6D0C9F713894B1500B7F466 /* Cell.m */; };
		E6D0C9F913894B1500B7F466 /* Cell.m in Sources */ = {isa = PBXBuildFile; fileRef = E6D0C9F713894B1500B7F466 /* Cell.m */; };
		E6D0CA1C13894C8000B7F466 /* Matrix2DCoordenate.m in Sources */ = {isa = PBXBuildFile; fileRef = E6D0CA1B13894C8000B7F466 /* Matrix2DCoordenate.m */; };
		E6D0CA1D13894C8000B7F466 /* Matrix2DCoordenate.m in Sources */ = {isa = PBXBuildFile; fileRef = E6D0CA1B13894C8000B7F466 /* Matrix2DCoordenate.m */; };
		E6D0CA2013894D8200B7F466 /* Ecosystem.m in Sources */ = {isa = PBXBuildFile; fileRef = E6D0CA1F13894D8200B7F466 /* Ecosystem.m */; };
		E6D0CA2113894D8200B7F466 /* Ecosystem.m in Sources */ = {isa = PBXBuildFile; fileRef = E6D0CA1F13894D8200B7F466 /* Ecosystem.m */; };
		E6D7927E13C64761008986FF /* MethodSwizzleHelper.m in Sources */ = {isa = PBXBuildFile; fileRef = E6D7927D13C64761008986FF /* MethodSwizzleHelper.m */; };
		E6FC59C313B76A3E00E7E0F8 /* CellView.m in Sources */ = {isa = PBXBuildFile; fileRef = E6FC59C213B76A3E00E7E0F8 /* CellView.m */; };
		E6FC59C413B76A3E00E7E0F8 /* CellView.m in Sources */ = {isa = PBXBuildFile; fileRef = E6FC59C213B76A3E00E7E0F8 /* CellView.m */; };
		E6FC59C713B76D0700E7E0F8 /* EcosystemView.m in Sources */ = {isa = PBXBuildFile; fileRef = E6FC59C613B76D0700E7E0F8 /* EcosystemView.m */; };
		E6FC59C813B76D0700E7E0F8 /* EcosystemView.m in Sources */ = {isa = PBXBuildFile; fileRef = E6FC59C613B76D0700E7E0F8 /* EcosystemView.m */; };
		E6FC59CA13B770C200E7E0F8 /* QuartzCore.framework in Frameworks */ = {isa = PBXBuildFile; fileRef = E6FC59C913B770C200E7E0F8 /* QuartzCore.framework */; };
		E6FE278613A3E0B00053ADA6 /* EcosystemTests.m in Sources */ = {isa = PBXBuildFile; fileRef = E6FE278513A3E0B00053ADA6 /* EcosystemTests.m */; };
/* End PBXBuildFile section */

/* Begin PBXContainerItemProxy section */
		E6D0C9E113894ACB00B7F466 /* PBXContainerItemProxy */ = {
			isa = PBXContainerItemProxy;
			containerPortal = E6D0C9B013894ACB00B7F466 /* Project object */;
			proxyType = 1;
			remoteGlobalIDString = E6D0C9B813894ACB00B7F466;
			remoteInfo = GenSoup;
		};
/* End PBXContainerItemProxy section */

/* Begin PBXFileReference section */
		0099F66214F9363A0097902E /* Matrix2DCoordinateSpec.m */ = {isa = PBXFileReference; fileEncoding = 4; lastKnownFileType = sourcecode.c.objc; path = Matrix2DCoordinateSpec.m; sourceTree = "<group>"; };
		0099F66514F93E120097902E /* CellSpec.m */ = {isa = PBXFileReference; fileEncoding = 4; lastKnownFileType = sourcecode.c.objc; path = CellSpec.m; sourceTree = "<group>"; };
		0099F66F14F9694D0097902E /* SaveEcosystemViewController.h */ = {isa = PBXFileReference; fileEncoding = 4; lastKnownFileType = sourcecode.c.h; path = SaveEcosystemViewController.h; sourceTree = "<group>"; };
		0099F67014F9694D0097902E /* SaveEcosystemViewController.m */ = {isa = PBXFileReference; fileEncoding = 4; lastKnownFileType = sourcecode.c.objc; path = SaveEcosystemViewController.m; sourceTree = "<group>"; };
		0099F67114F9694D0097902E /* SaveEcosystemViewController.xib */ = {isa = PBXFileReference; fileEncoding = 4; lastKnownFileType = file.xib; path = SaveEcosystemViewController.xib; sourceTree = "<group>"; };
		0099F67A14F971930097902E /* EditableRowCell.xib */ = {isa = PBXFileReference; fileEncoding = 4; lastKnownFileType = file.xib; path = EditableRowCell.xib; sourceTree = "<group>"; };
		0099F68114FBDF1B0097902E /* LoadEcosystemTableViewController.h */ = {isa = PBXFileReference; fileEncoding = 4; lastKnownFileType = sourcecode.c.h; path = LoadEcosystemTableViewController.h; sourceTree = "<group>"; };
		0099F68214FBDF1B0097902E /* LoadEcosystemTableViewController.m */ = {isa = PBXFileReference; fileEncoding = 4; lastKnownFileType = sourcecode.c.objc; path = LoadEcosystemTableViewController.m; sourceTree = "<group>"; };
		0099F68314FBDF1B0097902E /* LoadEcosystemTableViewController.xib */ = {isa = PBXFileReference; fileEncoding = 4; lastKnownFileType = file.xib; path = LoadEcosystemTableViewController.xib; sourceTree = "<group>"; };
		00A681A714ED7D29005B32E1 /* GenSoupViewControllerSpec.m */ = {isa = PBXFileReference; fileEncoding = 4; lastKnownFileType = sourcecode.c.objc; path = GenSoupViewControllerSpec.m; sourceTree = "<group>"; };
		00C1F82C14EEC8C9009DA3E8 /* EcosystemSpec.m */ = {isa = PBXFileReference; fileEncoding = 4; lastKnownFileType = sourcecode.c.objc; path = EcosystemSpec.m; sourceTree = "<group>"; };
		E6485EA113BBB53500CA8CED /* CellViewDelegateProtocol.h */ = {isa = PBXFileReference; fileEncoding = 4; lastKnownFileType = sourcecode.c.h; path = CellViewDelegateProtocol.h; sourceTree = "<group>"; };
		E69137E213BF2CC6006233DC /* libOCMock.a */ = {isa = PBXFileReference; lastKnownFileType = archive.ar; path = libOCMock.a; sourceTree = "<group>"; };
		E69137E313BF2CC6006233DC /* NSNotificationCenter+OCMAdditions.h */ = {isa = PBXFileReference; fileEncoding = 4; lastKnownFileType = sourcecode.c.h; path = "NSNotificationCenter+OCMAdditions.h"; sourceTree = "<group>"; };
		E69137E413BF2CC6006233DC /* OCMArg.h */ = {isa = PBXFileReference; fileEncoding = 4; lastKnownFileType = sourcecode.c.h; path = OCMArg.h; sourceTree = "<group>"; };
		E69137E513BF2CC6006233DC /* OCMConstraint.h */ = {isa = PBXFileReference; fileEncoding = 4; lastKnownFileType = sourcecode.c.h; path = OCMConstraint.h; sourceTree = "<group>"; };
		E69137E613BF2CC6006233DC /* OCMock.h */ = {isa = PBXFileReference; fileEncoding = 4; lastKnownFileType = sourcecode.c.h; path = OCMock.h; sourceTree = "<group>"; };
		E69137E713BF2CC6006233DC /* OCMockObject.h */ = {isa = PBXFileReference; fileEncoding = 4; lastKnownFileType = sourcecode.c.h; path = OCMockObject.h; sourceTree = "<group>"; };
		E69137E813BF2CC6006233DC /* OCMockRecorder.h */ = {isa = PBXFileReference; fileEncoding = 4; lastKnownFileType = sourcecode.c.h; path = OCMockRecorder.h; sourceTree = "<group>"; };
		E69137FA13BF4005006233DC /* Constants.h */ = {isa = PBXFileReference; fileEncoding = 4; lastKnownFileType = sourcecode.c.h; path = Constants.h; sourceTree = "<group>"; };
		E69137FB13BF4D12006233DC /* EcosystemViewTests.h */ = {isa = PBXFileReference; fileEncoding = 4; lastKnownFileType = sourcecode.c.h; path = EcosystemViewTests.h; sourceTree = "<group>"; };
		E69137FC13BF4D12006233DC /* EcosystemViewTests.m */ = {isa = PBXFileReference; fileEncoding = 4; lastKnownFileType = sourcecode.c.objc; path = EcosystemViewTests.m; sourceTree = "<group>"; };
		E69137FE13BFBDF5006233DC /* CellViewTests.h */ = {isa = PBXFileReference; fileEncoding = 4; lastKnownFileType = sourcecode.c.h; path = CellViewTests.h; sourceTree = "<group>"; };
		E69137FF13BFBDF5006233DC /* CellViewTests.m */ = {isa = PBXFileReference; fileEncoding = 4; lastKnownFileType = sourcecode.c.objc; path = CellViewTests.m; sourceTree = "<group>"; };
		E6B42E43144F81870070DE36 /* Kiwi.h */ = {isa = PBXFileReference; fileEncoding = 4; lastKnownFileType = sourcecode.c.h; path = Kiwi.h; sourceTree = "<group>"; };
		E6B42E44144F81870070DE36 /* KiwiBlockMacros.h */ = {isa = PBXFileReference; fileEncoding = 4; lastKnownFileType = sourcecode.c.h; path = KiwiBlockMacros.h; sourceTree = "<group>"; };
		E6B42E45144F81870070DE36 /* KiwiConfiguration.h */ = {isa = PBXFileReference; fileEncoding = 4; lastKnownFileType = sourcecode.c.h; path = KiwiConfiguration.h; sourceTree = "<group>"; };
		E6B42E46144F81870070DE36 /* KiwiMacros.h */ = {isa = PBXFileReference; fileEncoding = 4; lastKnownFileType = sourcecode.c.h; path = KiwiMacros.h; sourceTree = "<group>"; };
		E6B42E47144F81870070DE36 /* KiwiNewMacros.h */ = {isa = PBXFileReference; fileEncoding = 4; lastKnownFileType = sourcecode.c.h; path = KiwiNewMacros.h; sourceTree = "<group>"; };
		E6B42E48144F81870070DE36 /* KWAfterAllNode.h */ = {isa = PBXFileReference; fileEncoding = 4; lastKnownFileType = sourcecode.c.h; path = KWAfterAllNode.h; sourceTree = "<group>"; };
		E6B42E49144F81870070DE36 /* KWAfterAllNode.m */ = {isa = PBXFileReference; fileEncoding = 4; lastKnownFileType = sourcecode.c.objc; path = KWAfterAllNode.m; sourceTree = "<group>"; };
		E6B42E4A144F81870070DE36 /* KWAfterEachNode.h */ = {isa = PBXFileReference; fileEncoding = 4; lastKnownFileType = sourcecode.c.h; path = KWAfterEachNode.h; sourceTree = "<group>"; };
		E6B42E4B144F81870070DE36 /* KWAfterEachNode.m */ = {isa = PBXFileReference; fileEncoding = 4; lastKnownFileType = sourcecode.c.objc; path = KWAfterEachNode.m; sourceTree = "<group>"; };
		E6B42E4C144F81870070DE36 /* KWAsyncVerifier.h */ = {isa = PBXFileReference; fileEncoding = 4; lastKnownFileType = sourcecode.c.h; path = KWAsyncVerifier.h; sourceTree = "<group>"; };
		E6B42E4D144F81870070DE36 /* KWAsyncVerifier.m */ = {isa = PBXFileReference; fileEncoding = 4; lastKnownFileType = sourcecode.c.objc; path = KWAsyncVerifier.m; sourceTree = "<group>"; };
		E6B42E4E144F81870070DE36 /* KWBeBetweenMatcher.h */ = {isa = PBXFileReference; fileEncoding = 4; lastKnownFileType = sourcecode.c.h; path = KWBeBetweenMatcher.h; sourceTree = "<group>"; };
		E6B42E4F144F81870070DE36 /* KWBeBetweenMatcher.m */ = {isa = PBXFileReference; fileEncoding = 4; lastKnownFileType = sourcecode.c.objc; path = KWBeBetweenMatcher.m; sourceTree = "<group>"; };
		E6B42E50144F81870070DE36 /* KWBeEmptyMatcher.h */ = {isa = PBXFileReference; fileEncoding = 4; lastKnownFileType = sourcecode.c.h; path = KWBeEmptyMatcher.h; sourceTree = "<group>"; };
		E6B42E51144F81870070DE36 /* KWBeEmptyMatcher.m */ = {isa = PBXFileReference; fileEncoding = 4; lastKnownFileType = sourcecode.c.objc; path = KWBeEmptyMatcher.m; sourceTree = "<group>"; };
		E6B42E52144F81870070DE36 /* KWBeforeAllNode.h */ = {isa = PBXFileReference; fileEncoding = 4; lastKnownFileType = sourcecode.c.h; path = KWBeforeAllNode.h; sourceTree = "<group>"; };
		E6B42E53144F81870070DE36 /* KWBeforeAllNode.m */ = {isa = PBXFileReference; fileEncoding = 4; lastKnownFileType = sourcecode.c.objc; path = KWBeforeAllNode.m; sourceTree = "<group>"; };
		E6B42E54144F81870070DE36 /* KWBeforeEachNode.h */ = {isa = PBXFileReference; fileEncoding = 4; lastKnownFileType = sourcecode.c.h; path = KWBeforeEachNode.h; sourceTree = "<group>"; };
		E6B42E55144F81870070DE36 /* KWBeforeEachNode.m */ = {isa = PBXFileReference; fileEncoding = 4; lastKnownFileType = sourcecode.c.objc; path = KWBeforeEachNode.m; sourceTree = "<group>"; };
		E6B42E56144F81870070DE36 /* KWBeIdenticalToMatcher.h */ = {isa = PBXFileReference; fileEncoding = 4; lastKnownFileType = sourcecode.c.h; path = KWBeIdenticalToMatcher.h; sourceTree = "<group>"; };
		E6B42E57144F81870070DE36 /* KWBeIdenticalToMatcher.m */ = {isa = PBXFileReference; fileEncoding = 4; lastKnownFileType = sourcecode.c.objc; path = KWBeIdenticalToMatcher.m; sourceTree = "<group>"; };
		E6B42E58144F81870070DE36 /* KWBeKindOfClassMatcher.h */ = {isa = PBXFileReference; fileEncoding = 4; lastKnownFileType = sourcecode.c.h; path = KWBeKindOfClassMatcher.h; sourceTree = "<group>"; };
		E6B42E59144F81870070DE36 /* KWBeKindOfClassMatcher.m */ = {isa = PBXFileReference; fileEncoding = 4; lastKnownFileType = sourcecode.c.objc; path = KWBeKindOfClassMatcher.m; sourceTree = "<group>"; };
		E6B42E5A144F81870070DE36 /* KWBeMemberOfClassMatcher.h */ = {isa = PBXFileReference; fileEncoding = 4; lastKnownFileType = sourcecode.c.h; path = KWBeMemberOfClassMatcher.h; sourceTree = "<group>"; };
		E6B42E5B144F81870070DE36 /* KWBeMemberOfClassMatcher.m */ = {isa = PBXFileReference; fileEncoding = 4; lastKnownFileType = sourcecode.c.objc; path = KWBeMemberOfClassMatcher.m; sourceTree = "<group>"; };
		E6B42E5C144F81870070DE36 /* KWBeNilMatcher.h */ = {isa = PBXFileReference; fileEncoding = 4; lastKnownFileType = sourcecode.c.h; path = KWBeNilMatcher.h; sourceTree = "<group>"; };
		E6B42E5D144F81870070DE36 /* KWBeNilMatcher.m */ = {isa = PBXFileReference; fileEncoding = 4; lastKnownFileType = sourcecode.c.objc; path = KWBeNilMatcher.m; sourceTree = "<group>"; };
		E6B42E5E144F81870070DE36 /* KWBeNonNilMatcher.h */ = {isa = PBXFileReference; fileEncoding = 4; lastKnownFileType = sourcecode.c.h; path = KWBeNonNilMatcher.h; sourceTree = "<group>"; };
		E6B42E5F144F81870070DE36 /* KWBeNonNilMatcher.m */ = {isa = PBXFileReference; fileEncoding = 4; lastKnownFileType = sourcecode.c.objc; path = KWBeNonNilMatcher.m; sourceTree = "<group>"; };
		E6B42E60144F81870070DE36 /* KWBeTrueMatcher.h */ = {isa = PBXFileReference; fileEncoding = 4; lastKnownFileType = sourcecode.c.h; path = KWBeTrueMatcher.h; sourceTree = "<group>"; };
		E6B42E61144F81870070DE36 /* KWBeTrueMatcher.m */ = {isa = PBXFileReference; fileEncoding = 4; lastKnownFileType = sourcecode.c.objc; path = KWBeTrueMatcher.m; sourceTree = "<group>"; };
		E6B42E62144F81870070DE36 /* KWBeWithinMatcher.h */ = {isa = PBXFileReference; fileEncoding = 4; lastKnownFileType = sourcecode.c.h; path = KWBeWithinMatcher.h; sourceTree = "<group>"; };
		E6B42E63144F81870070DE36 /* KWBeWithinMatcher.m */ = {isa = PBXFileReference; fileEncoding = 4; lastKnownFileType = sourcecode.c.objc; path = KWBeWithinMatcher.m; sourceTree = "<group>"; };
		E6B42E64144F81870070DE36 /* KWBeZeroMatcher.h */ = {isa = PBXFileReference; fileEncoding = 4; lastKnownFileType = sourcecode.c.h; path = KWBeZeroMatcher.h; sourceTree = "<group>"; };
		E6B42E65144F81870070DE36 /* KWBeZeroMatcher.m */ = {isa = PBXFileReference; fileEncoding = 4; lastKnownFileType = sourcecode.c.objc; path = KWBeZeroMatcher.m; sourceTree = "<group>"; };
		E6B42E66144F81870070DE36 /* KWBlock.h */ = {isa = PBXFileReference; fileEncoding = 4; lastKnownFileType = sourcecode.c.h; path = KWBlock.h; sourceTree = "<group>"; };
		E6B42E67144F81870070DE36 /* KWBlock.m */ = {isa = PBXFileReference; fileEncoding = 4; lastKnownFileType = sourcecode.c.objc; path = KWBlock.m; sourceTree = "<group>"; };
		E6B42E68144F81870070DE36 /* KWBlockNode.h */ = {isa = PBXFileReference; fileEncoding = 4; lastKnownFileType = sourcecode.c.h; path = KWBlockNode.h; sourceTree = "<group>"; };
		E6B42E69144F81870070DE36 /* KWBlockNode.m */ = {isa = PBXFileReference; fileEncoding = 4; lastKnownFileType = sourcecode.c.objc; path = KWBlockNode.m; sourceTree = "<group>"; };
		E6B42E6A144F81870070DE36 /* KWBlockRaiseMatcher.h */ = {isa = PBXFileReference; fileEncoding = 4; lastKnownFileType = sourcecode.c.h; path = KWBlockRaiseMatcher.h; sourceTree = "<group>"; };
		E6B42E6B144F81870070DE36 /* KWBlockRaiseMatcher.m */ = {isa = PBXFileReference; fileEncoding = 4; lastKnownFileType = sourcecode.c.objc; path = KWBlockRaiseMatcher.m; sourceTree = "<group>"; };
		E6B42E6C144F81870070DE36 /* KWCallSite.h */ = {isa = PBXFileReference; fileEncoding = 4; lastKnownFileType = sourcecode.c.h; path = KWCallSite.h; sourceTree = "<group>"; };
		E6B42E6D144F81870070DE36 /* KWCallSite.m */ = {isa = PBXFileReference; fileEncoding = 4; lastKnownFileType = sourcecode.c.objc; path = KWCallSite.m; sourceTree = "<group>"; };
		E6B42E6E144F81870070DE36 /* KWConformToProtocolMatcher.h */ = {isa = PBXFileReference; fileEncoding = 4; lastKnownFileType = sourcecode.c.h; path = KWConformToProtocolMatcher.h; sourceTree = "<group>"; };
		E6B42E6F144F81870070DE36 /* KWConformToProtocolMatcher.m */ = {isa = PBXFileReference; fileEncoding = 4; lastKnownFileType = sourcecode.c.objc; path = KWConformToProtocolMatcher.m; sourceTree = "<group>"; };
		E6B42E70144F81870070DE36 /* KWContainMatcher.h */ = {isa = PBXFileReference; fileEncoding = 4; lastKnownFileType = sourcecode.c.h; path = KWContainMatcher.h; sourceTree = "<group>"; };
		E6B42E71144F81870070DE36 /* KWContainMatcher.m */ = {isa = PBXFileReference; fileEncoding = 4; lastKnownFileType = sourcecode.c.objc; path = KWContainMatcher.m; sourceTree = "<group>"; };
		E6B42E72144F81870070DE36 /* KWContextNode.h */ = {isa = PBXFileReference; fileEncoding = 4; lastKnownFileType = sourcecode.c.h; path = KWContextNode.h; sourceTree = "<group>"; };
		E6B42E73144F81870070DE36 /* KWContextNode.m */ = {isa = PBXFileReference; fileEncoding = 4; lastKnownFileType = sourcecode.c.objc; path = KWContextNode.m; sourceTree = "<group>"; };
		E6B42E74144F81870070DE36 /* KWCountType.h */ = {isa = PBXFileReference; fileEncoding = 4; lastKnownFileType = sourcecode.c.h; path = KWCountType.h; sourceTree = "<group>"; };
		E6B42E75144F81870070DE36 /* KWDeviceInfo.h */ = {isa = PBXFileReference; fileEncoding = 4; lastKnownFileType = sourcecode.c.h; path = KWDeviceInfo.h; sourceTree = "<group>"; };
		E6B42E76144F81870070DE36 /* KWDeviceInfo.m */ = {isa = PBXFileReference; fileEncoding = 4; lastKnownFileType = sourcecode.c.objc; path = KWDeviceInfo.m; sourceTree = "<group>"; };
		E6B42E77144F81870070DE36 /* KWEqualMatcher.h */ = {isa = PBXFileReference; fileEncoding = 4; lastKnownFileType = sourcecode.c.h; path = KWEqualMatcher.h; sourceTree = "<group>"; };
		E6B42E78144F81870070DE36 /* KWEqualMatcher.m */ = {isa = PBXFileReference; fileEncoding = 4; lastKnownFileType = sourcecode.c.objc; path = KWEqualMatcher.m; sourceTree = "<group>"; };
		E6B42E79144F81870070DE36 /* KWExampleGroup.h */ = {isa = PBXFileReference; fileEncoding = 4; lastKnownFileType = sourcecode.c.h; path = KWExampleGroup.h; sourceTree = "<group>"; };
		E6B42E7A144F81870070DE36 /* KWExampleGroup.m */ = {isa = PBXFileReference; fileEncoding = 4; lastKnownFileType = sourcecode.c.objc; path = KWExampleGroup.m; sourceTree = "<group>"; };
		E6B42E7B144F81870070DE36 /* KWExampleGroupBuilder.h */ = {isa = PBXFileReference; fileEncoding = 4; lastKnownFileType = sourcecode.c.h; path = KWExampleGroupBuilder.h; sourceTree = "<group>"; };
		E6B42E7C144F81870070DE36 /* KWExampleGroupBuilder.m */ = {isa = PBXFileReference; fileEncoding = 4; lastKnownFileType = sourcecode.c.objc; path = KWExampleGroupBuilder.m; sourceTree = "<group>"; };
		E6B42E7D144F81870070DE36 /* KWExampleGroupDelegate.h */ = {isa = PBXFileReference; fileEncoding = 4; lastKnownFileType = sourcecode.c.h; path = KWExampleGroupDelegate.h; sourceTree = "<group>"; };
		E6B42E7E144F81870070DE36 /* KWExampleNode.h */ = {isa = PBXFileReference; fileEncoding = 4; lastKnownFileType = sourcecode.c.h; path = KWExampleNode.h; sourceTree = "<group>"; };
		E6B42E7F144F81870070DE36 /* KWExampleNodeVisitor.h */ = {isa = PBXFileReference; fileEncoding = 4; lastKnownFileType = sourcecode.c.h; path = KWExampleNodeVisitor.h; sourceTree = "<group>"; };
		E6B42E80144F81870070DE36 /* KWExistVerifier.h */ = {isa = PBXFileReference; fileEncoding = 4; lastKnownFileType = sourcecode.c.h; path = KWExistVerifier.h; sourceTree = "<group>"; };
		E6B42E81144F81870070DE36 /* KWExistVerifier.m */ = {isa = PBXFileReference; fileEncoding = 4; lastKnownFileType = sourcecode.c.objc; path = KWExistVerifier.m; sourceTree = "<group>"; };
		E6B42E82144F81870070DE36 /* KWExpectationType.h */ = {isa = PBXFileReference; fileEncoding = 4; lastKnownFileType = sourcecode.c.h; path = KWExpectationType.h; sourceTree = "<group>"; };
		E6B42E83144F81870070DE36 /* KWFailure.h */ = {isa = PBXFileReference; fileEncoding = 4; lastKnownFileType = sourcecode.c.h; path = KWFailure.h; sourceTree = "<group>"; };
		E6B42E84144F81870070DE36 /* KWFailure.m */ = {isa = PBXFileReference; fileEncoding = 4; lastKnownFileType = sourcecode.c.objc; path = KWFailure.m; sourceTree = "<group>"; };
		E6B42E85144F81870070DE36 /* KWFormatter.h */ = {isa = PBXFileReference; fileEncoding = 4; lastKnownFileType = sourcecode.c.h; path = KWFormatter.h; sourceTree = "<group>"; };
		E6B42E86144F81870070DE36 /* KWFormatter.m */ = {isa = PBXFileReference; fileEncoding = 4; lastKnownFileType = sourcecode.c.objc; path = KWFormatter.m; sourceTree = "<group>"; };
		E6B42E87144F81870070DE36 /* KWFutureObject.h */ = {isa = PBXFileReference; fileEncoding = 4; lastKnownFileType = sourcecode.c.h; path = KWFutureObject.h; sourceTree = "<group>"; };
		E6B42E88144F81870070DE36 /* KWFutureObject.m */ = {isa = PBXFileReference; fileEncoding = 4; lastKnownFileType = sourcecode.c.objc; path = KWFutureObject.m; sourceTree = "<group>"; };
		E6B42E89144F81870070DE36 /* KWHamcrestMatcher.h */ = {isa = PBXFileReference; fileEncoding = 4; lastKnownFileType = sourcecode.c.h; path = KWHamcrestMatcher.h; sourceTree = "<group>"; };
		E6B42E8A144F81870070DE36 /* KWHamcrestMatcher.m */ = {isa = PBXFileReference; fileEncoding = 4; lastKnownFileType = sourcecode.c.objc; path = KWHamcrestMatcher.m; sourceTree = "<group>"; };
		E6B42E8B144F81870070DE36 /* KWHamrestMatchingAdditions.h */ = {isa = PBXFileReference; fileEncoding = 4; lastKnownFileType = sourcecode.c.h; path = KWHamrestMatchingAdditions.h; sourceTree = "<group>"; };
		E6B42E8C144F81870070DE36 /* KWHamrestMatchingAdditions.m */ = {isa = PBXFileReference; fileEncoding = 4; lastKnownFileType = sourcecode.c.objc; path = KWHamrestMatchingAdditions.m; sourceTree = "<group>"; };
		E6B42E8D144F81870070DE36 /* KWHaveMatcher.h */ = {isa = PBXFileReference; fileEncoding = 4; lastKnownFileType = sourcecode.c.h; path = KWHaveMatcher.h; sourceTree = "<group>"; };
		E6B42E8E144F81870070DE36 /* KWHaveMatcher.m */ = {isa = PBXFileReference; fileEncoding = 4; lastKnownFileType = sourcecode.c.objc; path = KWHaveMatcher.m; sourceTree = "<group>"; };
		E6B42E8F144F81870070DE36 /* KWHaveValueMatcher.h */ = {isa = PBXFileReference; fileEncoding = 4; lastKnownFileType = sourcecode.c.h; path = KWHaveValueMatcher.h; sourceTree = "<group>"; };
		E6B42E90144F81870070DE36 /* KWHaveValueMatcher.m */ = {isa = PBXFileReference; fileEncoding = 4; lastKnownFileType = sourcecode.c.objc; path = KWHaveValueMatcher.m; sourceTree = "<group>"; };
		E6B42E91144F81870070DE36 /* KWHCMatcher.h */ = {isa = PBXFileReference; fileEncoding = 4; lastKnownFileType = sourcecode.c.h; path = KWHCMatcher.h; sourceTree = "<group>"; };
		E6B42E92144F81870070DE36 /* KWInequalityMatcher.h */ = {isa = PBXFileReference; fileEncoding = 4; lastKnownFileType = sourcecode.c.h; path = KWInequalityMatcher.h; sourceTree = "<group>"; };
		E6B42E93144F81870070DE36 /* KWInequalityMatcher.m */ = {isa = PBXFileReference; fileEncoding = 4; lastKnownFileType = sourcecode.c.objc; path = KWInequalityMatcher.m; sourceTree = "<group>"; };
		E6B42E94144F81870070DE36 /* KWIntercept.h */ = {isa = PBXFileReference; fileEncoding = 4; lastKnownFileType = sourcecode.c.h; path = KWIntercept.h; sourceTree = "<group>"; };
		E6B42E95144F81870070DE36 /* KWIntercept.m */ = {isa = PBXFileReference; fileEncoding = 4; lastKnownFileType = sourcecode.c.objc; path = KWIntercept.m; sourceTree = "<group>"; };
		E6B42E96144F81870070DE36 /* KWInvocationCapturer.h */ = {isa = PBXFileReference; fileEncoding = 4; lastKnownFileType = sourcecode.c.h; path = KWInvocationCapturer.h; sourceTree = "<group>"; };
		E6B42E97144F81870070DE36 /* KWInvocationCapturer.m */ = {isa = PBXFileReference; fileEncoding = 4; lastKnownFileType = sourcecode.c.objc; path = KWInvocationCapturer.m; sourceTree = "<group>"; };
		E6B42E98144F81870070DE36 /* KWItNode.h */ = {isa = PBXFileReference; fileEncoding = 4; lastKnownFileType = sourcecode.c.h; path = KWItNode.h; sourceTree = "<group>"; };
		E6B42E99144F81870070DE36 /* KWItNode.m */ = {isa = PBXFileReference; fileEncoding = 4; lastKnownFileType = sourcecode.c.objc; path = KWItNode.m; sourceTree = "<group>"; };
		E6B42E9A144F81870070DE36 /* KWMatcher.h */ = {isa = PBXFileReference; fileEncoding = 4; lastKnownFileType = sourcecode.c.h; path = KWMatcher.h; sourceTree = "<group>"; };
		E6B42E9B144F81870070DE36 /* KWMatcher.m */ = {isa = PBXFileReference; fileEncoding = 4; lastKnownFileType = sourcecode.c.objc; path = KWMatcher.m; sourceTree = "<group>"; };
		E6B42E9C144F81870070DE36 /* KWMatcherFactory.h */ = {isa = PBXFileReference; fileEncoding = 4; lastKnownFileType = sourcecode.c.h; path = KWMatcherFactory.h; sourceTree = "<group>"; };
		E6B42E9D144F81870070DE36 /* KWMatcherFactory.m */ = {isa = PBXFileReference; fileEncoding = 4; lastKnownFileType = sourcecode.c.objc; path = KWMatcherFactory.m; sourceTree = "<group>"; };
		E6B42E9E144F81870070DE36 /* KWMatchers.h */ = {isa = PBXFileReference; fileEncoding = 4; lastKnownFileType = sourcecode.c.h; path = KWMatchers.h; sourceTree = "<group>"; };
		E6B42E9F144F81870070DE36 /* KWMatchers.m */ = {isa = PBXFileReference; fileEncoding = 4; lastKnownFileType = sourcecode.c.objc; path = KWMatchers.m; sourceTree = "<group>"; };
		E6B42EA0144F81870070DE36 /* KWMatching.h */ = {isa = PBXFileReference; fileEncoding = 4; lastKnownFileType = sourcecode.c.h; path = KWMatching.h; sourceTree = "<group>"; };
		E6B42EA1144F81870070DE36 /* KWMatchVerifier.h */ = {isa = PBXFileReference; fileEncoding = 4; lastKnownFileType = sourcecode.c.h; path = KWMatchVerifier.h; sourceTree = "<group>"; };
		E6B42EA2144F81870070DE36 /* KWMatchVerifier.m */ = {isa = PBXFileReference; fileEncoding = 4; lastKnownFileType = sourcecode.c.objc; path = KWMatchVerifier.m; sourceTree = "<group>"; };
		E6B42EA3144F81870070DE36 /* KWMessagePattern.h */ = {isa = PBXFileReference; fileEncoding = 4; lastKnownFileType = sourcecode.c.h; path = KWMessagePattern.h; sourceTree = "<group>"; };
		E6B42EA4144F81870070DE36 /* KWMessagePattern.m */ = {isa = PBXFileReference; fileEncoding = 4; lastKnownFileType = sourcecode.c.objc; path = KWMessagePattern.m; sourceTree = "<group>"; };
		E6B42EA5144F81870070DE36 /* KWMessageSpying.h */ = {isa = PBXFileReference; fileEncoding = 4; lastKnownFileType = sourcecode.c.h; path = KWMessageSpying.h; sourceTree = "<group>"; };
		E6B42EA6144F81870070DE36 /* KWMessageTracker.h */ = {isa = PBXFileReference; fileEncoding = 4; lastKnownFileType = sourcecode.c.h; path = KWMessageTracker.h; sourceTree = "<group>"; };
		E6B42EA7144F81870070DE36 /* KWMessageTracker.m */ = {isa = PBXFileReference; fileEncoding = 4; lastKnownFileType = sourcecode.c.objc; path = KWMessageTracker.m; sourceTree = "<group>"; };
		E6B42EA8144F81870070DE36 /* KWMock.h */ = {isa = PBXFileReference; fileEncoding = 4; lastKnownFileType = sourcecode.c.h; path = KWMock.h; sourceTree = "<group>"; };
		E6B42EA9144F81870070DE36 /* KWMock.m */ = {isa = PBXFileReference; fileEncoding = 4; lastKnownFileType = sourcecode.c.objc; path = KWMock.m; sourceTree = "<group>"; };
		E6B42EAA144F81870070DE36 /* KWNull.h */ = {isa = PBXFileReference; fileEncoding = 4; lastKnownFileType = sourcecode.c.h; path = KWNull.h; sourceTree = "<group>"; };
		E6B42EAB144F81870070DE36 /* KWNull.m */ = {isa = PBXFileReference; fileEncoding = 4; lastKnownFileType = sourcecode.c.objc; path = KWNull.m; sourceTree = "<group>"; };
		E6B42EAC144F81870070DE36 /* KWObjCUtilities.h */ = {isa = PBXFileReference; fileEncoding = 4; lastKnownFileType = sourcecode.c.h; path = KWObjCUtilities.h; sourceTree = "<group>"; };
		E6B42EAD144F81870070DE36 /* KWObjCUtilities.m */ = {isa = PBXFileReference; fileEncoding = 4; lastKnownFileType = sourcecode.c.objc; path = KWObjCUtilities.m; sourceTree = "<group>"; };
		E6B42EAE144F81870070DE36 /* KWPendingNode.h */ = {isa = PBXFileReference; fileEncoding = 4; lastKnownFileType = sourcecode.c.h; path = KWPendingNode.h; sourceTree = "<group>"; };
		E6B42EAF144F81870070DE36 /* KWPendingNode.m */ = {isa = PBXFileReference; fileEncoding = 4; lastKnownFileType = sourcecode.c.objc; path = KWPendingNode.m; sourceTree = "<group>"; };
		E6B42EB0144F81870070DE36 /* KWProbe.h */ = {isa = PBXFileReference; fileEncoding = 4; lastKnownFileType = sourcecode.c.h; path = KWProbe.h; sourceTree = "<group>"; };
		E6B42EB1144F81870070DE36 /* KWProbePoller.h */ = {isa = PBXFileReference; fileEncoding = 4; lastKnownFileType = sourcecode.c.h; path = KWProbePoller.h; sourceTree = "<group>"; };
		E6B42EB2144F81870070DE36 /* KWProbePoller.m */ = {isa = PBXFileReference; fileEncoding = 4; lastKnownFileType = sourcecode.c.objc; path = KWProbePoller.m; sourceTree = "<group>"; };
		E6B42EB3144F81870070DE36 /* KWRaiseMatcher.h */ = {isa = PBXFileReference; fileEncoding = 4; lastKnownFileType = sourcecode.c.h; path = KWRaiseMatcher.h; sourceTree = "<group>"; };
		E6B42EB4144F81870070DE36 /* KWRaiseMatcher.m */ = {isa = PBXFileReference; fileEncoding = 4; lastKnownFileType = sourcecode.c.objc; path = KWRaiseMatcher.m; sourceTree = "<group>"; };
		E6B42EB5144F81870070DE36 /* KWReceiveMatcher.h */ = {isa = PBXFileReference; fileEncoding = 4; lastKnownFileType = sourcecode.c.h; path = KWReceiveMatcher.h; sourceTree = "<group>"; };
		E6B42EB6144F81870070DE36 /* KWReceiveMatcher.m */ = {isa = PBXFileReference; fileEncoding = 4; lastKnownFileType = sourcecode.c.objc; path = KWReceiveMatcher.m; sourceTree = "<group>"; };
		E6B42EB7144F81870070DE36 /* KWRegisterMatchersNode.h */ = {isa = PBXFileReference; fileEncoding = 4; lastKnownFileType = sourcecode.c.h; path = KWRegisterMatchersNode.h; sourceTree = "<group>"; };
		E6B42EB8144F81870070DE36 /* KWRegisterMatchersNode.m */ = {isa = PBXFileReference; fileEncoding = 4; lastKnownFileType = sourcecode.c.objc; path = KWRegisterMatchersNode.m; sourceTree = "<group>"; };
		E6B42EB9144F81870070DE36 /* KWReporting.h */ = {isa = PBXFileReference; fileEncoding = 4; lastKnownFileType = sourcecode.c.h; path = KWReporting.h; sourceTree = "<group>"; };
		E6B42EBA144F81870070DE36 /* KWRespondToSelectorMatcher.h */ = {isa = PBXFileReference; fileEncoding = 4; lastKnownFileType = sourcecode.c.h; path = KWRespondToSelectorMatcher.h; sourceTree = "<group>"; };
		E6B42EBB144F81870070DE36 /* KWRespondToSelectorMatcher.m */ = {isa = PBXFileReference; fileEncoding = 4; lastKnownFileType = sourcecode.c.objc; path = KWRespondToSelectorMatcher.m; sourceTree = "<group>"; };
		E6B42EBC144F81870070DE36 /* KWSpec.h */ = {isa = PBXFileReference; fileEncoding = 4; lastKnownFileType = sourcecode.c.h; path = KWSpec.h; sourceTree = "<group>"; };
		E6B42EBD144F81870070DE36 /* KWSpec.m */ = {isa = PBXFileReference; fileEncoding = 4; lastKnownFileType = sourcecode.c.objc; path = KWSpec.m; sourceTree = "<group>"; };
		E6B42EBE144F81870070DE36 /* KWStringUtilities.h */ = {isa = PBXFileReference; fileEncoding = 4; lastKnownFileType = sourcecode.c.h; path = KWStringUtilities.h; sourceTree = "<group>"; };
		E6B42EBF144F81870070DE36 /* KWStringUtilities.m */ = {isa = PBXFileReference; fileEncoding = 4; lastKnownFileType = sourcecode.c.objc; path = KWStringUtilities.m; sourceTree = "<group>"; };
		E6B42EC0144F81870070DE36 /* KWStub.h */ = {isa = PBXFileReference; fileEncoding = 4; lastKnownFileType = sourcecode.c.h; path = KWStub.h; sourceTree = "<group>"; };
		E6B42EC1144F81870070DE36 /* KWStub.m */ = {isa = PBXFileReference; fileEncoding = 4; lastKnownFileType = sourcecode.c.objc; path = KWStub.m; sourceTree = "<group>"; };
		E6B42EC2144F81870070DE36 /* KWTestCase.h */ = {isa = PBXFileReference; fileEncoding = 4; lastKnownFileType = sourcecode.c.h; path = KWTestCase.h; sourceTree = "<group>"; };
		E6B42EC3144F81870070DE36 /* KWTestCase.m */ = {isa = PBXFileReference; fileEncoding = 4; lastKnownFileType = sourcecode.c.objc; path = KWTestCase.m; sourceTree = "<group>"; };
		E6B42EC4144F81870070DE36 /* KWUserDefinedMatcher.h */ = {isa = PBXFileReference; fileEncoding = 4; lastKnownFileType = sourcecode.c.h; path = KWUserDefinedMatcher.h; sourceTree = "<group>"; };
		E6B42EC5144F81870070DE36 /* KWUserDefinedMatcher.m */ = {isa = PBXFileReference; fileEncoding = 4; lastKnownFileType = sourcecode.c.objc; path = KWUserDefinedMatcher.m; sourceTree = "<group>"; };
		E6B42EC6144F81870070DE36 /* KWValue.h */ = {isa = PBXFileReference; fileEncoding = 4; lastKnownFileType = sourcecode.c.h; path = KWValue.h; sourceTree = "<group>"; };
		E6B42EC7144F81870070DE36 /* KWValue.m */ = {isa = PBXFileReference; fileEncoding = 4; lastKnownFileType = sourcecode.c.objc; path = KWValue.m; sourceTree = "<group>"; };
		E6B42EC8144F81870070DE36 /* KWVerifying.h */ = {isa = PBXFileReference; fileEncoding = 4; lastKnownFileType = sourcecode.c.h; path = KWVerifying.h; sourceTree = "<group>"; };
		E6B42EC9144F81870070DE36 /* KWWorkarounds.h */ = {isa = PBXFileReference; fileEncoding = 4; lastKnownFileType = sourcecode.c.h; path = KWWorkarounds.h; sourceTree = "<group>"; };
		E6B42ECA144F81870070DE36 /* KWWorkarounds.m */ = {isa = PBXFileReference; fileEncoding = 4; lastKnownFileType = sourcecode.c.objc; path = KWWorkarounds.m; sourceTree = "<group>"; };
		E6B42ECB144F81870070DE36 /* NSInvocation+KiwiAdditions.h */ = {isa = PBXFileReference; fileEncoding = 4; lastKnownFileType = sourcecode.c.h; path = "NSInvocation+KiwiAdditions.h"; sourceTree = "<group>"; };
		E6B42ECC144F81870070DE36 /* NSInvocation+KiwiAdditions.m */ = {isa = PBXFileReference; fileEncoding = 4; lastKnownFileType = sourcecode.c.objc; path = "NSInvocation+KiwiAdditions.m"; sourceTree = "<group>"; };
		E6B42ECD144F81870070DE36 /* NSMethodSignature+KiwiAdditions.h */ = {isa = PBXFileReference; fileEncoding = 4; lastKnownFileType = sourcecode.c.h; path = "NSMethodSignature+KiwiAdditions.h"; sourceTree = "<group>"; };
		E6B42ECE144F81870070DE36 /* NSMethodSignature+KiwiAdditions.m */ = {isa = PBXFileReference; fileEncoding = 4; lastKnownFileType = sourcecode.c.objc; path = "NSMethodSignature+KiwiAdditions.m"; sourceTree = "<group>"; };
		E6B42ECF144F81870070DE36 /* NSNumber+KiwiAdditions.h */ = {isa = PBXFileReference; fileEncoding = 4; lastKnownFileType = sourcecode.c.h; path = "NSNumber+KiwiAdditions.h"; sourceTree = "<group>"; };
		E6B42ED0144F81870070DE36 /* NSNumber+KiwiAdditions.m */ = {isa = PBXFileReference; fileEncoding = 4; lastKnownFileType = sourcecode.c.objc; path = "NSNumber+KiwiAdditions.m"; sourceTree = "<group>"; };
		E6B42ED1144F81870070DE36 /* NSObject+KiwiMockAdditions.h */ = {isa = PBXFileReference; fileEncoding = 4; lastKnownFileType = sourcecode.c.h; path = "NSObject+KiwiMockAdditions.h"; sourceTree = "<group>"; };
		E6B42ED2144F81870070DE36 /* NSObject+KiwiMockAdditions.m */ = {isa = PBXFileReference; fileEncoding = 4; lastKnownFileType = sourcecode.c.objc; path = "NSObject+KiwiMockAdditions.m"; sourceTree = "<group>"; };
		E6B42ED3144F81870070DE36 /* NSObject+KiwiStubAdditions.h */ = {isa = PBXFileReference; fileEncoding = 4; lastKnownFileType = sourcecode.c.h; path = "NSObject+KiwiStubAdditions.h"; sourceTree = "<group>"; };
		E6B42ED4144F81870070DE36 /* NSObject+KiwiStubAdditions.m */ = {isa = PBXFileReference; fileEncoding = 4; lastKnownFileType = sourcecode.c.objc; path = "NSObject+KiwiStubAdditions.m"; sourceTree = "<group>"; };
		E6B42ED5144F81870070DE36 /* NSObject+KiwiVerifierAdditions.h */ = {isa = PBXFileReference; fileEncoding = 4; lastKnownFileType = sourcecode.c.h; path = "NSObject+KiwiVerifierAdditions.h"; sourceTree = "<group>"; };
		E6B42ED6144F81870070DE36 /* NSObject+KiwiVerifierAdditions.m */ = {isa = PBXFileReference; fileEncoding = 4; lastKnownFileType = sourcecode.c.objc; path = "NSObject+KiwiVerifierAdditions.m"; sourceTree = "<group>"; };
		E6B42ED7144F81870070DE36 /* NSValue+KiwiAdditions.h */ = {isa = PBXFileReference; fileEncoding = 4; lastKnownFileType = sourcecode.c.h; path = "NSValue+KiwiAdditions.h"; sourceTree = "<group>"; };
		E6B42ED8144F81870070DE36 /* NSValue+KiwiAdditions.m */ = {isa = PBXFileReference; fileEncoding = 4; lastKnownFileType = sourcecode.c.objc; path = "NSValue+KiwiAdditions.m"; sourceTree = "<group>"; };
		E6D0C9B913894ACB00B7F466 /* GenSoup.app */ = {isa = PBXFileReference; explicitFileType = wrapper.application; includeInIndex = 0; path = GenSoup.app; sourceTree = BUILT_PRODUCTS_DIR; };
		E6D0C9BD13894ACB00B7F466 /* UIKit.framework */ = {isa = PBXFileReference; lastKnownFileType = wrapper.framework; name = UIKit.framework; path = System/Library/Frameworks/UIKit.framework; sourceTree = SDKROOT; };
		E6D0C9BF13894ACB00B7F466 /* Foundation.framework */ = {isa = PBXFileReference; lastKnownFileType = wrapper.framework; name = Foundation.framework; path = System/Library/Frameworks/Foundation.framework; sourceTree = SDKROOT; };
		E6D0C9C113894ACB00B7F466 /* CoreGraphics.framework */ = {isa = PBXFileReference; lastKnownFileType = wrapper.framework; name = CoreGraphics.framework; path = System/Library/Frameworks/CoreGraphics.framework; sourceTree = SDKROOT; };
		E6D0C9C513894ACB00B7F466 /* GenSoup-Info.plist */ = {isa = PBXFileReference; lastKnownFileType = text.plist.xml; path = "GenSoup-Info.plist"; sourceTree = "<group>"; };
		E6D0C9C713894ACB00B7F466 /* en */ = {isa = PBXFileReference; lastKnownFileType = text.plist.strings; name = en; path = en.lproj/InfoPlist.strings; sourceTree = "<group>"; };
		E6D0C9C913894ACB00B7F466 /* GenSoup-Prefix.pch */ = {isa = PBXFileReference; lastKnownFileType = sourcecode.c.h; path = "GenSoup-Prefix.pch"; sourceTree = "<group>"; };
		E6D0C9CA13894ACB00B7F466 /* main.m */ = {isa = PBXFileReference; lastKnownFileType = sourcecode.c.objc; path = main.m; sourceTree = "<group>"; };
		E6D0C9CC13894ACB00B7F466 /* GenSoupAppDelegate.h */ = {isa = PBXFileReference; lastKnownFileType = sourcecode.c.h; path = GenSoupAppDelegate.h; sourceTree = "<group>"; };
		E6D0C9CD13894ACB00B7F466 /* GenSoupAppDelegate.m */ = {isa = PBXFileReference; lastKnownFileType = sourcecode.c.objc; path = GenSoupAppDelegate.m; sourceTree = "<group>"; };
		E6D0C9D013894ACB00B7F466 /* en */ = {isa = PBXFileReference; lastKnownFileType = file.xib; name = en; path = en.lproj/MainWindow.xib; sourceTree = "<group>"; };
		E6D0C9D213894ACB00B7F466 /* GenSoupViewController.h */ = {isa = PBXFileReference; lastKnownFileType = sourcecode.c.h; path = GenSoupViewController.h; sourceTree = "<group>"; };
		E6D0C9D313894ACB00B7F466 /* GenSoupViewController.m */ = {isa = PBXFileReference; lastKnownFileType = sourcecode.c.objc; path = GenSoupViewController.m; sourceTree = "<group>"; };
		E6D0C9D613894ACB00B7F466 /* en */ = {isa = PBXFileReference; lastKnownFileType = file.xib; name = en; path = en.lproj/GenSoupViewController.xib; sourceTree = "<group>"; };
		E6D0C9DD13894ACB00B7F466 /* GenSoupTests.octest */ = {isa = PBXFileReference; explicitFileType = wrapper.cfbundle; includeInIndex = 0; path = GenSoupTests.octest; sourceTree = BUILT_PRODUCTS_DIR; };
		E6D0C9E513894ACB00B7F466 /* GenSoupTests-Info.plist */ = {isa = PBXFileReference; lastKnownFileType = text.plist.xml; path = "GenSoupTests-Info.plist"; sourceTree = "<group>"; };
		E6D0C9E713894ACB00B7F466 /* en */ = {isa = PBXFileReference; lastKnownFileType = text.plist.strings; name = en; path = en.lproj/InfoPlist.strings; sourceTree = "<group>"; };
		E6D0C9E913894ACB00B7F466 /* GenSoupTests-Prefix.pch */ = {isa = PBXFileReference; lastKnownFileType = sourcecode.c.h; path = "GenSoupTests-Prefix.pch"; sourceTree = "<group>"; };
		E6D0C9EA13894ACB00B7F466 /* GenSoupTests.h */ = {isa = PBXFileReference; lastKnownFileType = sourcecode.c.h; path = GenSoupTests.h; sourceTree = "<group>"; };
		E6D0C9EC13894ACB00B7F466 /* GenSoupTests.m */ = {isa = PBXFileReference; lastKnownFileType = sourcecode.c.objc; path = GenSoupTests.m; sourceTree = "<group>"; };
		E6D0C9F613894B1500B7F466 /* Cell.h */ = {isa = PBXFileReference; fileEncoding = 4; lastKnownFileType = sourcecode.c.h; path = Cell.h; sourceTree = "<group>"; };
		E6D0C9F713894B1500B7F466 /* Cell.m */ = {isa = PBXFileReference; fileEncoding = 4; lastKnownFileType = sourcecode.c.objc; path = Cell.m; sourceTree = "<group>"; };
		E6D0CA1A13894C8000B7F466 /* Matrix2DCoordenate.h */ = {isa = PBXFileReference; fileEncoding = 4; lastKnownFileType = sourcecode.c.h; path = Matrix2DCoordenate.h; sourceTree = "<group>"; };
		E6D0CA1B13894C8000B7F466 /* Matrix2DCoordenate.m */ = {isa = PBXFileReference; fileEncoding = 4; lastKnownFileType = sourcecode.c.objc; path = Matrix2DCoordenate.m; sourceTree = "<group>"; };
		E6D0CA1E13894D8200B7F466 /* Ecosystem.h */ = {isa = PBXFileReference; fileEncoding = 4; lastKnownFileType = sourcecode.c.h; path = Ecosystem.h; sourceTree = "<group>"; };
		E6D0CA1F13894D8200B7F466 /* Ecosystem.m */ = {isa = PBXFileReference; fileEncoding = 4; lastKnownFileType = sourcecode.c.objc; path = Ecosystem.m; sourceTree = "<group>"; };
		E6D7927C13C64761008986FF /* MethodSwizzleHelper.h */ = {isa = PBXFileReference; fileEncoding = 4; lastKnownFileType = sourcecode.c.h; path = MethodSwizzleHelper.h; sourceTree = "<group>"; };
		E6D7927D13C64761008986FF /* MethodSwizzleHelper.m */ = {isa = PBXFileReference; fileEncoding = 4; lastKnownFileType = sourcecode.c.objc; path = MethodSwizzleHelper.m; sourceTree = "<group>"; };
		E6FC59C113B76A3E00E7E0F8 /* CellView.h */ = {isa = PBXFileReference; fileEncoding = 4; lastKnownFileType = sourcecode.c.h; path = CellView.h; sourceTree = "<group>"; };
		E6FC59C213B76A3E00E7E0F8 /* CellView.m */ = {isa = PBXFileReference; fileEncoding = 4; lastKnownFileType = sourcecode.c.objc; path = CellView.m; sourceTree = "<group>"; };
		E6FC59C513B76D0700E7E0F8 /* EcosystemView.h */ = {isa = PBXFileReference; fileEncoding = 4; lastKnownFileType = sourcecode.c.h; path = EcosystemView.h; sourceTree = "<group>"; };
		E6FC59C613B76D0700E7E0F8 /* EcosystemView.m */ = {isa = PBXFileReference; fileEncoding = 4; lastKnownFileType = sourcecode.c.objc; path = EcosystemView.m; sourceTree = "<group>"; };
		E6FC59C913B770C200E7E0F8 /* QuartzCore.framework */ = {isa = PBXFileReference; lastKnownFileType = wrapper.framework; name = QuartzCore.framework; path = System/Library/Frameworks/QuartzCore.framework; sourceTree = SDKROOT; };
		E6FE278413A3E0B00053ADA6 /* EcosystemTests.h */ = {isa = PBXFileReference; fileEncoding = 4; lastKnownFileType = sourcecode.c.h; path = EcosystemTests.h; sourceTree = "<group>"; };
		E6FE278513A3E0B00053ADA6 /* EcosystemTests.m */ = {isa = PBXFileReference; fileEncoding = 4; lastKnownFileType = sourcecode.c.objc; path = EcosystemTests.m; sourceTree = "<group>"; };
/* End PBXFileReference section */

/* Begin PBXFrameworksBuildPhase section */
		E6D0C9B613894ACB00B7F466 /* Frameworks */ = {
			isa = PBXFrameworksBuildPhase;
			buildActionMask = 2147483647;
			files = (
				E6FC59CA13B770C200E7E0F8 /* QuartzCore.framework in Frameworks */,
				E6D0C9BE13894ACB00B7F466 /* UIKit.framework in Frameworks */,
				E6D0C9C013894ACB00B7F466 /* Foundation.framework in Frameworks */,
				E6D0C9C213894ACB00B7F466 /* CoreGraphics.framework in Frameworks */,
			);
			runOnlyForDeploymentPostprocessing = 0;
		};
		E6D0C9D913894ACB00B7F466 /* Frameworks */ = {
			isa = PBXFrameworksBuildPhase;
			buildActionMask = 2147483647;
			files = (
				E6D0C9DE13894ACB00B7F466 /* UIKit.framework in Frameworks */,
				E6D0C9DF13894ACB00B7F466 /* Foundation.framework in Frameworks */,
				E6D0C9E013894ACB00B7F466 /* CoreGraphics.framework in Frameworks */,
				E69137E913BF2CC6006233DC /* libOCMock.a in Frameworks */,
			);
			runOnlyForDeploymentPostprocessing = 0;
		};
/* End PBXFrameworksBuildPhase section */

/* Begin PBXGroup section */
		E6485E9F13BBB51700CA8CED /* Protocols */ = {
			isa = PBXGroup;
			children = (
				E6485EA113BBB53500CA8CED /* CellViewDelegateProtocol.h */,
			);
			name = Protocols;
			sourceTree = "<group>";
		};
		E6485EA213BBB77C00CA8CED /* Models */ = {
			isa = PBXGroup;
			children = (
				E6D0C9F613894B1500B7F466 /* Cell.h */,
				E6D0C9F713894B1500B7F466 /* Cell.m */,
				E6D0CA1A13894C8000B7F466 /* Matrix2DCoordenate.h */,
				E6D0CA1B13894C8000B7F466 /* Matrix2DCoordenate.m */,
				E6D0CA1E13894D8200B7F466 /* Ecosystem.h */,
				E6D0CA1F13894D8200B7F466 /* Ecosystem.m */,
			);
			name = Models;
			sourceTree = "<group>";
		};
		E69137E113BF2CC6006233DC /* OCMock */ = {
			isa = PBXGroup;
			children = (
				E69137E213BF2CC6006233DC /* libOCMock.a */,
				E69137E313BF2CC6006233DC /* NSNotificationCenter+OCMAdditions.h */,
				E69137E413BF2CC6006233DC /* OCMArg.h */,
				E69137E513BF2CC6006233DC /* OCMConstraint.h */,
				E69137E613BF2CC6006233DC /* OCMock.h */,
				E69137E713BF2CC6006233DC /* OCMockObject.h */,
				E69137E813BF2CC6006233DC /* OCMockRecorder.h */,
			);
			path = OCMock;
			sourceTree = "<group>";
		};
		E6A67A4713F5D34700D0D246 /* Ecosystem */ = {
			isa = PBXGroup;
			children = (
				E6FC59C113B76A3E00E7E0F8 /* CellView.h */,
				E6FC59C213B76A3E00E7E0F8 /* CellView.m */,
				E6FC59C513B76D0700E7E0F8 /* EcosystemView.h */,
				E6FC59C613B76D0700E7E0F8 /* EcosystemView.m */,
			);
			name = Ecosystem;
			sourceTree = "<group>";
		};
		E6A67A6013F67AFD00D0D246 /* Components */ = {
			isa = PBXGroup;
			children = (
			);
			name = Components;
			sourceTree = "<group>";
		};
		E6B42E42144F81870070DE36 /* Kiwi */ = {
			isa = PBXGroup;
			children = (
				E6B42E43144F81870070DE36 /* Kiwi.h */,
				E6B42E44144F81870070DE36 /* KiwiBlockMacros.h */,
				E6B42E45144F81870070DE36 /* KiwiConfiguration.h */,
				E6B42E46144F81870070DE36 /* KiwiMacros.h */,
				E6B42E47144F81870070DE36 /* KiwiNewMacros.h */,
				E6B42E48144F81870070DE36 /* KWAfterAllNode.h */,
				E6B42E49144F81870070DE36 /* KWAfterAllNode.m */,
				E6B42E4A144F81870070DE36 /* KWAfterEachNode.h */,
				E6B42E4B144F81870070DE36 /* KWAfterEachNode.m */,
				E6B42E4C144F81870070DE36 /* KWAsyncVerifier.h */,
				E6B42E4D144F81870070DE36 /* KWAsyncVerifier.m */,
				E6B42E4E144F81870070DE36 /* KWBeBetweenMatcher.h */,
				E6B42E4F144F81870070DE36 /* KWBeBetweenMatcher.m */,
				E6B42E50144F81870070DE36 /* KWBeEmptyMatcher.h */,
				E6B42E51144F81870070DE36 /* KWBeEmptyMatcher.m */,
				E6B42E52144F81870070DE36 /* KWBeforeAllNode.h */,
				E6B42E53144F81870070DE36 /* KWBeforeAllNode.m */,
				E6B42E54144F81870070DE36 /* KWBeforeEachNode.h */,
				E6B42E55144F81870070DE36 /* KWBeforeEachNode.m */,
				E6B42E56144F81870070DE36 /* KWBeIdenticalToMatcher.h */,
				E6B42E57144F81870070DE36 /* KWBeIdenticalToMatcher.m */,
				E6B42E58144F81870070DE36 /* KWBeKindOfClassMatcher.h */,
				E6B42E59144F81870070DE36 /* KWBeKindOfClassMatcher.m */,
				E6B42E5A144F81870070DE36 /* KWBeMemberOfClassMatcher.h */,
				E6B42E5B144F81870070DE36 /* KWBeMemberOfClassMatcher.m */,
				E6B42E5C144F81870070DE36 /* KWBeNilMatcher.h */,
				E6B42E5D144F81870070DE36 /* KWBeNilMatcher.m */,
				E6B42E5E144F81870070DE36 /* KWBeNonNilMatcher.h */,
				E6B42E5F144F81870070DE36 /* KWBeNonNilMatcher.m */,
				E6B42E60144F81870070DE36 /* KWBeTrueMatcher.h */,
				E6B42E61144F81870070DE36 /* KWBeTrueMatcher.m */,
				E6B42E62144F81870070DE36 /* KWBeWithinMatcher.h */,
				E6B42E63144F81870070DE36 /* KWBeWithinMatcher.m */,
				E6B42E64144F81870070DE36 /* KWBeZeroMatcher.h */,
				E6B42E65144F81870070DE36 /* KWBeZeroMatcher.m */,
				E6B42E66144F81870070DE36 /* KWBlock.h */,
				E6B42E67144F81870070DE36 /* KWBlock.m */,
				E6B42E68144F81870070DE36 /* KWBlockNode.h */,
				E6B42E69144F81870070DE36 /* KWBlockNode.m */,
				E6B42E6A144F81870070DE36 /* KWBlockRaiseMatcher.h */,
				E6B42E6B144F81870070DE36 /* KWBlockRaiseMatcher.m */,
				E6B42E6C144F81870070DE36 /* KWCallSite.h */,
				E6B42E6D144F81870070DE36 /* KWCallSite.m */,
				E6B42E6E144F81870070DE36 /* KWConformToProtocolMatcher.h */,
				E6B42E6F144F81870070DE36 /* KWConformToProtocolMatcher.m */,
				E6B42E70144F81870070DE36 /* KWContainMatcher.h */,
				E6B42E71144F81870070DE36 /* KWContainMatcher.m */,
				E6B42E72144F81870070DE36 /* KWContextNode.h */,
				E6B42E73144F81870070DE36 /* KWContextNode.m */,
				E6B42E74144F81870070DE36 /* KWCountType.h */,
				E6B42E75144F81870070DE36 /* KWDeviceInfo.h */,
				E6B42E76144F81870070DE36 /* KWDeviceInfo.m */,
				E6B42E77144F81870070DE36 /* KWEqualMatcher.h */,
				E6B42E78144F81870070DE36 /* KWEqualMatcher.m */,
				E6B42E79144F81870070DE36 /* KWExampleGroup.h */,
				E6B42E7A144F81870070DE36 /* KWExampleGroup.m */,
				E6B42E7B144F81870070DE36 /* KWExampleGroupBuilder.h */,
				E6B42E7C144F81870070DE36 /* KWExampleGroupBuilder.m */,
				E6B42E7D144F81870070DE36 /* KWExampleGroupDelegate.h */,
				E6B42E7E144F81870070DE36 /* KWExampleNode.h */,
				E6B42E7F144F81870070DE36 /* KWExampleNodeVisitor.h */,
				E6B42E80144F81870070DE36 /* KWExistVerifier.h */,
				E6B42E81144F81870070DE36 /* KWExistVerifier.m */,
				E6B42E82144F81870070DE36 /* KWExpectationType.h */,
				E6B42E83144F81870070DE36 /* KWFailure.h */,
				E6B42E84144F81870070DE36 /* KWFailure.m */,
				E6B42E85144F81870070DE36 /* KWFormatter.h */,
				E6B42E86144F81870070DE36 /* KWFormatter.m */,
				E6B42E87144F81870070DE36 /* KWFutureObject.h */,
				E6B42E88144F81870070DE36 /* KWFutureObject.m */,
				E6B42E89144F81870070DE36 /* KWHamcrestMatcher.h */,
				E6B42E8A144F81870070DE36 /* KWHamcrestMatcher.m */,
				E6B42E8B144F81870070DE36 /* KWHamrestMatchingAdditions.h */,
				E6B42E8C144F81870070DE36 /* KWHamrestMatchingAdditions.m */,
				E6B42E8D144F81870070DE36 /* KWHaveMatcher.h */,
				E6B42E8E144F81870070DE36 /* KWHaveMatcher.m */,
				E6B42E8F144F81870070DE36 /* KWHaveValueMatcher.h */,
				E6B42E90144F81870070DE36 /* KWHaveValueMatcher.m */,
				E6B42E91144F81870070DE36 /* KWHCMatcher.h */,
				E6B42E92144F81870070DE36 /* KWInequalityMatcher.h */,
				E6B42E93144F81870070DE36 /* KWInequalityMatcher.m */,
				E6B42E94144F81870070DE36 /* KWIntercept.h */,
				E6B42E95144F81870070DE36 /* KWIntercept.m */,
				E6B42E96144F81870070DE36 /* KWInvocationCapturer.h */,
				E6B42E97144F81870070DE36 /* KWInvocationCapturer.m */,
				E6B42E98144F81870070DE36 /* KWItNode.h */,
				E6B42E99144F81870070DE36 /* KWItNode.m */,
				E6B42E9A144F81870070DE36 /* KWMatcher.h */,
				E6B42E9B144F81870070DE36 /* KWMatcher.m */,
				E6B42E9C144F81870070DE36 /* KWMatcherFactory.h */,
				E6B42E9D144F81870070DE36 /* KWMatcherFactory.m */,
				E6B42E9E144F81870070DE36 /* KWMatchers.h */,
				E6B42E9F144F81870070DE36 /* KWMatchers.m */,
				E6B42EA0144F81870070DE36 /* KWMatching.h */,
				E6B42EA1144F81870070DE36 /* KWMatchVerifier.h */,
				E6B42EA2144F81870070DE36 /* KWMatchVerifier.m */,
				E6B42EA3144F81870070DE36 /* KWMessagePattern.h */,
				E6B42EA4144F81870070DE36 /* KWMessagePattern.m */,
				E6B42EA5144F81870070DE36 /* KWMessageSpying.h */,
				E6B42EA6144F81870070DE36 /* KWMessageTracker.h */,
				E6B42EA7144F81870070DE36 /* KWMessageTracker.m */,
				E6B42EA8144F81870070DE36 /* KWMock.h */,
				E6B42EA9144F81870070DE36 /* KWMock.m */,
				E6B42EAA144F81870070DE36 /* KWNull.h */,
				E6B42EAB144F81870070DE36 /* KWNull.m */,
				E6B42EAC144F81870070DE36 /* KWObjCUtilities.h */,
				E6B42EAD144F81870070DE36 /* KWObjCUtilities.m */,
				E6B42EAE144F81870070DE36 /* KWPendingNode.h */,
				E6B42EAF144F81870070DE36 /* KWPendingNode.m */,
				E6B42EB0144F81870070DE36 /* KWProbe.h */,
				E6B42EB1144F81870070DE36 /* KWProbePoller.h */,
				E6B42EB2144F81870070DE36 /* KWProbePoller.m */,
				E6B42EB3144F81870070DE36 /* KWRaiseMatcher.h */,
				E6B42EB4144F81870070DE36 /* KWRaiseMatcher.m */,
				E6B42EB5144F81870070DE36 /* KWReceiveMatcher.h */,
				E6B42EB6144F81870070DE36 /* KWReceiveMatcher.m */,
				E6B42EB7144F81870070DE36 /* KWRegisterMatchersNode.h */,
				E6B42EB8144F81870070DE36 /* KWRegisterMatchersNode.m */,
				E6B42EB9144F81870070DE36 /* KWReporting.h */,
				E6B42EBA144F81870070DE36 /* KWRespondToSelectorMatcher.h */,
				E6B42EBB144F81870070DE36 /* KWRespondToSelectorMatcher.m */,
				E6B42EBC144F81870070DE36 /* KWSpec.h */,
				E6B42EBD144F81870070DE36 /* KWSpec.m */,
				E6B42EBE144F81870070DE36 /* KWStringUtilities.h */,
				E6B42EBF144F81870070DE36 /* KWStringUtilities.m */,
				E6B42EC0144F81870070DE36 /* KWStub.h */,
				E6B42EC1144F81870070DE36 /* KWStub.m */,
				E6B42EC2144F81870070DE36 /* KWTestCase.h */,
				E6B42EC3144F81870070DE36 /* KWTestCase.m */,
				E6B42EC4144F81870070DE36 /* KWUserDefinedMatcher.h */,
				E6B42EC5144F81870070DE36 /* KWUserDefinedMatcher.m */,
				E6B42EC6144F81870070DE36 /* KWValue.h */,
				E6B42EC7144F81870070DE36 /* KWValue.m */,
				E6B42EC8144F81870070DE36 /* KWVerifying.h */,
				E6B42EC9144F81870070DE36 /* KWWorkarounds.h */,
				E6B42ECA144F81870070DE36 /* KWWorkarounds.m */,
				E6B42ECB144F81870070DE36 /* NSInvocation+KiwiAdditions.h */,
				E6B42ECC144F81870070DE36 /* NSInvocation+KiwiAdditions.m */,
				E6B42ECD144F81870070DE36 /* NSMethodSignature+KiwiAdditions.h */,
				E6B42ECE144F81870070DE36 /* NSMethodSignature+KiwiAdditions.m */,
				E6B42ECF144F81870070DE36 /* NSNumber+KiwiAdditions.h */,
				E6B42ED0144F81870070DE36 /* NSNumber+KiwiAdditions.m */,
				E6B42ED1144F81870070DE36 /* NSObject+KiwiMockAdditions.h */,
				E6B42ED2144F81870070DE36 /* NSObject+KiwiMockAdditions.m */,
				E6B42ED3144F81870070DE36 /* NSObject+KiwiStubAdditions.h */,
				E6B42ED4144F81870070DE36 /* NSObject+KiwiStubAdditions.m */,
				E6B42ED5144F81870070DE36 /* NSObject+KiwiVerifierAdditions.h */,
				E6B42ED6144F81870070DE36 /* NSObject+KiwiVerifierAdditions.m */,
				E6B42ED7144F81870070DE36 /* NSValue+KiwiAdditions.h */,
				E6B42ED8144F81870070DE36 /* NSValue+KiwiAdditions.m */,
			);
			path = Kiwi;
			sourceTree = "<group>";
		};
		E6D0C9AE13894ACB00B7F466 = {
			isa = PBXGroup;
			children = (
				E6D0C9C313894ACB00B7F466 /* GenSoup */,
				E6D0C9E313894ACB00B7F466 /* GenSoupTests */,
				E6D0C9BC13894ACB00B7F466 /* Frameworks */,
				E6D0C9BA13894ACB00B7F466 /* Products */,
			);
			sourceTree = "<group>";
		};
		E6D0C9BA13894ACB00B7F466 /* Products */ = {
			isa = PBXGroup;
			children = (
				E6D0C9B913894ACB00B7F466 /* GenSoup.app */,
				E6D0C9DD13894ACB00B7F466 /* GenSoupTests.octest */,
			);
			name = Products;
			sourceTree = "<group>";
		};
		E6D0C9BC13894ACB00B7F466 /* Frameworks */ = {
			isa = PBXGroup;
			children = (
				E6FC59C913B770C200E7E0F8 /* QuartzCore.framework */,
				E6D0C9BD13894ACB00B7F466 /* UIKit.framework */,
				E6D0C9BF13894ACB00B7F466 /* Foundation.framework */,
				E6D0C9C113894ACB00B7F466 /* CoreGraphics.framework */,
			);
			name = Frameworks;
			sourceTree = "<group>";
		};
		E6D0C9C313894ACB00B7F466 /* GenSoup */ = {
			isa = PBXGroup;
			children = (
				E6A67A6013F67AFD00D0D246 /* Components */,
				E6485EA213BBB77C00CA8CED /* Models */,
				E6485E9F13BBB51700CA8CED /* Protocols */,
				E6FC59C013B76A0700E7E0F8 /* Views */,
				E6FC59B713B7680100E7E0F8 /* ViewControllers */,
				E6D0C9CC13894ACB00B7F466 /* GenSoupAppDelegate.h */,
				E6D0C9CD13894ACB00B7F466 /* GenSoupAppDelegate.m */,
				E6D0C9CF13894ACB00B7F466 /* MainWindow.xib */,
				E6D0C9C413894ACB00B7F466 /* Supporting Files */,
				E69137FA13BF4005006233DC /* Constants.h */,
			);
			path = GenSoup;
			sourceTree = "<group>";
		};
		E6D0C9C413894ACB00B7F466 /* Supporting Files */ = {
			isa = PBXGroup;
			children = (
				E6D0C9C513894ACB00B7F466 /* GenSoup-Info.plist */,
				E6D0C9C613894ACB00B7F466 /* InfoPlist.strings */,
				E6D0C9C913894ACB00B7F466 /* GenSoup-Prefix.pch */,
				E6D0C9CA13894ACB00B7F466 /* main.m */,
			);
			name = "Supporting Files";
			sourceTree = "<group>";
		};
		E6D0C9E313894ACB00B7F466 /* GenSoupTests */ = {
			isa = PBXGroup;
			children = (
				E69137FE13BFBDF5006233DC /* CellViewTests.h */,
				E69137FF13BFBDF5006233DC /* CellViewTests.m */,
				E6FE278413A3E0B00053ADA6 /* EcosystemTests.h */,
				E6FE278513A3E0B00053ADA6 /* EcosystemTests.m */,
				E69137FB13BF4D12006233DC /* EcosystemViewTests.h */,
				E69137FC13BF4D12006233DC /* EcosystemViewTests.m */,
				E6D0C9EA13894ACB00B7F466 /* GenSoupTests.h */,
				E6D0C9EC13894ACB00B7F466 /* GenSoupTests.m */,
				00A681A714ED7D29005B32E1 /* GenSoupViewControllerSpec.m */,
				E6B42E42144F81870070DE36 /* Kiwi */,
				E6D7927C13C64761008986FF /* MethodSwizzleHelper.h */,
				E6D7927D13C64761008986FF /* MethodSwizzleHelper.m */,
				E69137E113BF2CC6006233DC /* OCMock */,
				E6D0C9E413894ACB00B7F466 /* Supporting Files */,
				00C1F82C14EEC8C9009DA3E8 /* EcosystemSpec.m */,
				0099F66214F9363A0097902E /* Matrix2DCoordinateSpec.m */,
				0099F66514F93E120097902E /* CellSpec.m */,
			);
			path = GenSoupTests;
			sourceTree = "<group>";
		};
		E6D0C9E413894ACB00B7F466 /* Supporting Files */ = {
			isa = PBXGroup;
			children = (
				E6D0C9E513894ACB00B7F466 /* GenSoupTests-Info.plist */,
				E6D0C9E613894ACB00B7F466 /* InfoPlist.strings */,
				E6D0C9E913894ACB00B7F466 /* GenSoupTests-Prefix.pch */,
			);
			name = "Supporting Files";
			sourceTree = "<group>";
		};
		E6FC59B713B7680100E7E0F8 /* ViewControllers */ = {
			isa = PBXGroup;
			children = (
				E6D0C9D213894ACB00B7F466 /* GenSoupViewController.h */,
				E6D0C9D313894ACB00B7F466 /* GenSoupViewController.m */,
				E6D0C9D513894ACB00B7F466 /* GenSoupViewController.xib */,
				0099F66F14F9694D0097902E /* SaveEcosystemViewController.h */,
				0099F67014F9694D0097902E /* SaveEcosystemViewController.m */,
				0099F67114F9694D0097902E /* SaveEcosystemViewController.xib */,
				0099F67A14F971930097902E /* EditableRowCell.xib */,
				0099F68114FBDF1B0097902E /* LoadEcosystemTableViewController.h */,
				0099F68214FBDF1B0097902E /* LoadEcosystemTableViewController.m */,
				0099F68314FBDF1B0097902E /* LoadEcosystemTableViewController.xib */,
			);
			name = ViewControllers;
			sourceTree = "<group>";
		};
		E6FC59C013B76A0700E7E0F8 /* Views */ = {
			isa = PBXGroup;
			children = (
				E6A67A4713F5D34700D0D246 /* Ecosystem */,
			);
			name = Views;
			sourceTree = "<group>";
		};
/* End PBXGroup section */

/* Begin PBXNativeTarget section */
		E6D0C9B813894ACB00B7F466 /* GenSoup */ = {
			isa = PBXNativeTarget;
			buildConfigurationList = E6D0C9F013894ACB00B7F466 /* Build configuration list for PBXNativeTarget "GenSoup" */;
			buildPhases = (
				E6D0C9B513894ACB00B7F466 /* Sources */,
				E6D0C9B613894ACB00B7F466 /* Frameworks */,
				E6D0C9B713894ACB00B7F466 /* Resources */,
			);
			buildRules = (
			);
			dependencies = (
			);
			name = GenSoup;
			productName = GenSoup;
			productReference = E6D0C9B913894ACB00B7F466 /* GenSoup.app */;
			productType = "com.apple.product-type.application";
		};
		E6D0C9DC13894ACB00B7F466 /* GenSoupTests */ = {
			isa = PBXNativeTarget;
			buildConfigurationList = E6D0C9F313894ACB00B7F466 /* Build configuration list for PBXNativeTarget "GenSoupTests" */;
			buildPhases = (
				E6D0C9D813894ACB00B7F466 /* Sources */,
				E6D0C9D913894ACB00B7F466 /* Frameworks */,
				E6D0C9DA13894ACB00B7F466 /* Resources */,
				E6D0C9DB13894ACB00B7F466 /* ShellScript */,
			);
			buildRules = (
			);
			dependencies = (
				E6D0C9E213894ACB00B7F466 /* PBXTargetDependency */,
			);
			name = GenSoupTests;
			productName = GenSoupTests;
			productReference = E6D0C9DD13894ACB00B7F466 /* GenSoupTests.octest */;
			productType = "com.apple.product-type.bundle";
		};
/* End PBXNativeTarget section */

/* Begin PBXProject section */
		E6D0C9B013894ACB00B7F466 /* Project object */ = {
			isa = PBXProject;
			attributes = {
				ORGANIZATIONNAME = "Unboxed Consulting";
			};
			buildConfigurationList = E6D0C9B313894ACB00B7F466 /* Build configuration list for PBXProject "GenSoup" */;
			compatibilityVersion = "Xcode 3.2";
			developmentRegion = English;
			hasScannedForEncodings = 0;
			knownRegions = (
				en,
			);
			mainGroup = E6D0C9AE13894ACB00B7F466;
			productRefGroup = E6D0C9BA13894ACB00B7F466 /* Products */;
			projectDirPath = "";
			projectRoot = "";
			targets = (
				E6D0C9B813894ACB00B7F466 /* GenSoup */,
				E6D0C9DC13894ACB00B7F466 /* GenSoupTests */,
			);
		};
/* End PBXProject section */

/* Begin PBXResourcesBuildPhase section */
		E6D0C9B713894ACB00B7F466 /* Resources */ = {
			isa = PBXResourcesBuildPhase;
			buildActionMask = 2147483647;
			files = (
				E6D0C9C813894ACB00B7F466 /* InfoPlist.strings in Resources */,
				E6D0C9D113894ACB00B7F466 /* MainWindow.xib in Resources */,
				E6D0C9D713894ACB00B7F466 /* GenSoupViewController.xib in Resources */,
				0099F67414F9694D0097902E /* SaveEcosystemViewController.xib in Resources */,
				0099F67B14F971930097902E /* EditableRowCell.xib in Resources */,
				0099F68614FBDF1B0097902E /* LoadEcosystemTableViewController.xib in Resources */,
			);
			runOnlyForDeploymentPostprocessing = 0;
		};
		E6D0C9DA13894ACB00B7F466 /* Resources */ = {
			isa = PBXResourcesBuildPhase;
			buildActionMask = 2147483647;
			files = (
				E6D0C9E813894ACB00B7F466 /* InfoPlist.strings in Resources */,
				E6D0C9EB13894ACB00B7F466 /* GenSoupTests.h in Resources */,
				0099F67514F9694D0097902E /* SaveEcosystemViewController.xib in Resources */,
				0099F67C14F971930097902E /* EditableRowCell.xib in Resources */,
				0099F68714FBDF1B0097902E /* LoadEcosystemTableViewController.xib in Resources */,
			);
			runOnlyForDeploymentPostprocessing = 0;
		};
/* End PBXResourcesBuildPhase section */

/* Begin PBXShellScriptBuildPhase section */
		E6D0C9DB13894ACB00B7F466 /* ShellScript */ = {
			isa = PBXShellScriptBuildPhase;
			buildActionMask = 2147483647;
			files = (
			);
			inputPaths = (
			);
			outputPaths = (
			);
			runOnlyForDeploymentPostprocessing = 0;
			shellPath = /bin/sh;
			shellScript = "# Run the unit tests in this test bundle.\n\"${SYSTEM_DEVELOPER_DIR}/Tools/RunUnitTests\"\n";
		};
/* End PBXShellScriptBuildPhase section */

/* Begin PBXSourcesBuildPhase section */
		E6D0C9B513894ACB00B7F466 /* Sources */ = {
			isa = PBXSourcesBuildPhase;
			buildActionMask = 2147483647;
			files = (
				E6D0C9CB13894ACB00B7F466 /* main.m in Sources */,
				E6D0C9CE13894ACB00B7F466 /* GenSoupAppDelegate.m in Sources */,
				E6D0C9D413894ACB00B7F466 /* GenSoupViewController.m in Sources */,
				E6D0C9F813894B1500B7F466 /* Cell.m in Sources */,
				E6D0CA1C13894C8000B7F466 /* Matrix2DCoordenate.m in Sources */,
				E6D0CA2013894D8200B7F466 /* Ecosystem.m in Sources */,
				E6FC59C313B76A3E00E7E0F8 /* CellView.m in Sources */,
				E6FC59C713B76D0700E7E0F8 /* EcosystemView.m in Sources */,
				0099F67214F9694D0097902E /* SaveEcosystemViewController.m in Sources */,
				0099F68414FBDF1B0097902E /* LoadEcosystemTableViewController.m in Sources */,
			);
			runOnlyForDeploymentPostprocessing = 0;
		};
		E6D0C9D813894ACB00B7F466 /* Sources */ = {
			isa = PBXSourcesBuildPhase;
			buildActionMask = 2147483647;
			files = (
				E6D0C9ED13894ACB00B7F466 /* GenSoupTests.m in Sources */,
				E6D0C9F913894B1500B7F466 /* Cell.m in Sources */,
				E6D0CA1D13894C8000B7F466 /* Matrix2DCoordenate.m in Sources */,
				E6D0CA2113894D8200B7F466 /* Ecosystem.m in Sources */,
				E6FE278613A3E0B00053ADA6 /* EcosystemTests.m in Sources */,
				E6FC59C413B76A3E00E7E0F8 /* CellView.m in Sources */,
				E6FC59C813B76D0700E7E0F8 /* EcosystemView.m in Sources */,
				E69137FD13BF4D12006233DC /* EcosystemViewTests.m in Sources */,
				E691380013BFBDF6006233DC /* CellViewTests.m in Sources */,
				E6D7927E13C64761008986FF /* MethodSwizzleHelper.m in Sources */,
				E6B42ED9144F81870070DE36 /* KWAfterAllNode.m in Sources */,
				E6B42EDA144F81870070DE36 /* KWAfterEachNode.m in Sources */,
				E6B42EDB144F81870070DE36 /* KWAsyncVerifier.m in Sources */,
				E6B42EDC144F81870070DE36 /* KWBeBetweenMatcher.m in Sources */,
				E6B42EDD144F81870070DE36 /* KWBeEmptyMatcher.m in Sources */,
				E6B42EDE144F81870070DE36 /* KWBeforeAllNode.m in Sources */,
				E6B42EDF144F81870070DE36 /* KWBeforeEachNode.m in Sources */,
				E6B42EE0144F81870070DE36 /* KWBeIdenticalToMatcher.m in Sources */,
				E6B42EE1144F81870070DE36 /* KWBeKindOfClassMatcher.m in Sources */,
				E6B42EE2144F81870070DE36 /* KWBeMemberOfClassMatcher.m in Sources */,
				E6B42EE3144F81870070DE36 /* KWBeNilMatcher.m in Sources */,
				E6B42EE4144F81870070DE36 /* KWBeNonNilMatcher.m in Sources */,
				E6B42EE5144F81870070DE36 /* KWBeTrueMatcher.m in Sources */,
				E6B42EE6144F81870070DE36 /* KWBeWithinMatcher.m in Sources */,
				E6B42EE7144F81870070DE36 /* KWBeZeroMatcher.m in Sources */,
				E6B42EE8144F81870070DE36 /* KWBlock.m in Sources */,
				E6B42EE9144F81870070DE36 /* KWBlockNode.m in Sources */,
				E6B42EEA144F81870070DE36 /* KWBlockRaiseMatcher.m in Sources */,
				E6B42EEB144F81870070DE36 /* KWCallSite.m in Sources */,
				E6B42EEC144F81870070DE36 /* KWConformToProtocolMatcher.m in Sources */,
				E6B42EED144F81870070DE36 /* KWContainMatcher.m in Sources */,
				E6B42EEE144F81870070DE36 /* KWContextNode.m in Sources */,
				E6B42EEF144F81870070DE36 /* KWDeviceInfo.m in Sources */,
				E6B42EF0144F81870070DE36 /* KWEqualMatcher.m in Sources */,
				E6B42EF1144F81870070DE36 /* KWExampleGroup.m in Sources */,
				E6B42EF2144F81870070DE36 /* KWExampleGroupBuilder.m in Sources */,
				E6B42EF3144F81870070DE36 /* KWExistVerifier.m in Sources */,
				E6B42EF4144F81870070DE36 /* KWFailure.m in Sources */,
				E6B42EF5144F81870070DE36 /* KWFormatter.m in Sources */,
				E6B42EF6144F81870070DE36 /* KWFutureObject.m in Sources */,
				E6B42EF7144F81870070DE36 /* KWHamcrestMatcher.m in Sources */,
				E6B42EF8144F81870070DE36 /* KWHamrestMatchingAdditions.m in Sources */,
				E6B42EF9144F81870070DE36 /* KWHaveMatcher.m in Sources */,
				E6B42EFA144F81870070DE36 /* KWHaveValueMatcher.m in Sources */,
				E6B42EFB144F81870070DE36 /* KWInequalityMatcher.m in Sources */,
				E6B42EFC144F81870070DE36 /* KWIntercept.m in Sources */,
				E6B42EFD144F81870070DE36 /* KWInvocationCapturer.m in Sources */,
				E6B42EFE144F81870070DE36 /* KWItNode.m in Sources */,
				E6B42EFF144F81870070DE36 /* KWMatcher.m in Sources */,
				E6B42F00144F81870070DE36 /* KWMatcherFactory.m in Sources */,
				E6B42F01144F81870070DE36 /* KWMatchers.m in Sources */,
				E6B42F02144F81870070DE36 /* KWMatchVerifier.m in Sources */,
				E6B42F03144F81870070DE36 /* KWMessagePattern.m in Sources */,
				E6B42F04144F81870070DE36 /* KWMessageTracker.m in Sources */,
				E6B42F05144F81870070DE36 /* KWMock.m in Sources */,
				E6B42F06144F81870070DE36 /* KWNull.m in Sources */,
				E6B42F07144F81870070DE36 /* KWObjCUtilities.m in Sources */,
				E6B42F08144F81870070DE36 /* KWPendingNode.m in Sources */,
				E6B42F09144F81870070DE36 /* KWProbePoller.m in Sources */,
				E6B42F0A144F81870070DE36 /* KWRaiseMatcher.m in Sources */,
				E6B42F0B144F81870070DE36 /* KWReceiveMatcher.m in Sources */,
				E6B42F0C144F81870070DE36 /* KWRegisterMatchersNode.m in Sources */,
				E6B42F0D144F81870070DE36 /* KWRespondToSelectorMatcher.m in Sources */,
				E6B42F0E144F81870070DE36 /* KWSpec.m in Sources */,
				E6B42F0F144F81870070DE36 /* KWStringUtilities.m in Sources */,
				E6B42F10144F81870070DE36 /* KWStub.m in Sources */,
				E6B42F11144F81870070DE36 /* KWTestCase.m in Sources */,
				E6B42F12144F81870070DE36 /* KWUserDefinedMatcher.m in Sources */,
				E6B42F13144F81870070DE36 /* KWValue.m in Sources */,
				E6B42F14144F81870070DE36 /* KWWorkarounds.m in Sources */,
				E6B42F15144F81870070DE36 /* NSInvocation+KiwiAdditions.m in Sources */,
				E6B42F16144F81870070DE36 /* NSMethodSignature+KiwiAdditions.m in Sources */,
				E6B42F17144F81870070DE36 /* NSNumber+KiwiAdditions.m in Sources */,
				E6B42F18144F81870070DE36 /* NSObject+KiwiMockAdditions.m in Sources */,
				E6B42F19144F81870070DE36 /* NSObject+KiwiStubAdditions.m in Sources */,
				E6B42F1A144F81870070DE36 /* NSObject+KiwiVerifierAdditions.m in Sources */,
				E6B42F1B144F81870070DE36 /* NSValue+KiwiAdditions.m in Sources */,
				00A681A814ED7D29005B32E1 /* GenSoupViewControllerSpec.m in Sources */,
				00C1F82D14EEC8C9009DA3E8 /* EcosystemSpec.m in Sources */,
				0099F66314F9363A0097902E /* Matrix2DCoordinateSpec.m in Sources */,
				0099F66614F93E120097902E /* CellSpec.m in Sources */,
				0099F67314F9694D0097902E /* SaveEcosystemViewController.m in Sources */,
				0099F68514FBDF1B0097902E /* LoadEcosystemTableViewController.m in Sources */,
			);
			runOnlyForDeploymentPostprocessing = 0;
		};
/* End PBXSourcesBuildPhase section */

/* Begin PBXTargetDependency section */
		E6D0C9E213894ACB00B7F466 /* PBXTargetDependency */ = {
			isa = PBXTargetDependency;
			target = E6D0C9B813894ACB00B7F466 /* GenSoup */;
			targetProxy = E6D0C9E113894ACB00B7F466 /* PBXContainerItemProxy */;
		};
/* End PBXTargetDependency section */

/* Begin PBXVariantGroup section */
		E6D0C9C613894ACB00B7F466 /* InfoPlist.strings */ = {
			isa = PBXVariantGroup;
			children = (
				E6D0C9C713894ACB00B7F466 /* en */,
			);
			name = InfoPlist.strings;
			sourceTree = "<group>";
		};
		E6D0C9CF13894ACB00B7F466 /* MainWindow.xib */ = {
			isa = PBXVariantGroup;
			children = (
				E6D0C9D013894ACB00B7F466 /* en */,
			);
			name = MainWindow.xib;
			sourceTree = "<group>";
		};
		E6D0C9D513894ACB00B7F466 /* GenSoupViewController.xib */ = {
			isa = PBXVariantGroup;
			children = (
				E6D0C9D613894ACB00B7F466 /* en */,
			);
			name = GenSoupViewController.xib;
			sourceTree = "<group>";
		};
		E6D0C9E613894ACB00B7F466 /* InfoPlist.strings */ = {
			isa = PBXVariantGroup;
			children = (
				E6D0C9E713894ACB00B7F466 /* en */,
			);
			name = InfoPlist.strings;
			sourceTree = "<group>";
		};
/* End PBXVariantGroup section */

/* Begin XCBuildConfiguration section */
		E6D0C9EE13894ACB00B7F466 /* Debug */ = {
			isa = XCBuildConfiguration;
			buildSettings = {
				ARCHS = "$(ARCHS_STANDARD_32_BIT)";
				"CODE_SIGN_IDENTITY[sdk=iphoneos*]" = "iPhone Developer";
				GCC_C_LANGUAGE_STANDARD = gnu99;
				GCC_OPTIMIZATION_LEVEL = 0;
				GCC_PREPROCESSOR_DEFINITIONS = DEBUG;
				GCC_SYMBOLS_PRIVATE_EXTERN = NO;
				GCC_VERSION = com.apple.compilers.llvmgcc42;
				GCC_WARN_ABOUT_RETURN_TYPE = YES;
				GCC_WARN_UNUSED_VARIABLE = YES;
				IPHONEOS_DEPLOYMENT_TARGET = 4.3;
				SDKROOT = iphoneos;
			};
			name = Debug;
		};
		E6D0C9EF13894ACB00B7F466 /* Release */ = {
			isa = XCBuildConfiguration;
			buildSettings = {
				ARCHS = "$(ARCHS_STANDARD_32_BIT)";
				"CODE_SIGN_IDENTITY[sdk=iphoneos*]" = "iPhone Developer";
				GCC_C_LANGUAGE_STANDARD = gnu99;
				GCC_VERSION = com.apple.compilers.llvmgcc42;
				GCC_WARN_ABOUT_RETURN_TYPE = YES;
				GCC_WARN_UNUSED_VARIABLE = YES;
				IPHONEOS_DEPLOYMENT_TARGET = 4.3;
				OTHER_CFLAGS = "-DNS_BLOCK_ASSERTIONS=1";
				SDKROOT = iphoneos;
			};
			name = Release;
		};
		E6D0C9F113894ACB00B7F466 /* Debug */ = {
			isa = XCBuildConfiguration;
			buildSettings = {
				ALWAYS_SEARCH_USER_PATHS = NO;
				CODE_SIGN_IDENTITY = "iPhone Developer: Borja Arias (K2NMFRWB9T)";
				COPY_PHASE_STRIP = NO;
				GCC_DYNAMIC_NO_PIC = NO;
				GCC_PRECOMPILE_PREFIX_HEADER = YES;
				GCC_PREFIX_HEADER = "GenSoup/GenSoup-Prefix.pch";
				GCC_TREAT_WARNINGS_AS_ERRORS = YES;
				HEADER_SEARCH_PATHS = "\"$(SRCROOT)/GenSoupTests/OCMock\"";
				INFOPLIST_FILE = "GenSoup/GenSoup-Info.plist";
				LIBRARY_SEARCH_PATHS = "\"$(SRCROOT)/GenSoupTests/OCMock\"";
				OTHER_LDFLAGS = (
					"-ObjC",
					"-force_load",
					"$(PROJECT_DIR)/GenSoupTests/OCMock/libOCMock.a",
				);
				PRODUCT_NAME = "$(TARGET_NAME)";
				PROVISIONING_PROFILE = "794DC21E-15E0-4BF8-A970-C31251C5AADE";
				WRAPPER_EXTENSION = app;
			};
			name = Debug;
		};
		E6D0C9F213894ACB00B7F466 /* Release */ = {
			isa = XCBuildConfiguration;
			buildSettings = {
				ALWAYS_SEARCH_USER_PATHS = NO;
				COPY_PHASE_STRIP = YES;
				GCC_PRECOMPILE_PREFIX_HEADER = YES;
				GCC_PREFIX_HEADER = "GenSoup/GenSoup-Prefix.pch";
				GCC_TREAT_WARNINGS_AS_ERRORS = YES;
				HEADER_SEARCH_PATHS = "\"$(SRCROOT)/GenSoupTests/OCMock\"";
				INFOPLIST_FILE = "GenSoup/GenSoup-Info.plist";
				LIBRARY_SEARCH_PATHS = "\"$(SRCROOT)/GenSoupTests/OCMock\"";
				OTHER_LDFLAGS = (
					"-ObjC",
					"-force_load",
					"$(PROJECT_DIR)/GenSoupTests/OCMock/libOCMock.a",
				);
				PRODUCT_NAME = "$(TARGET_NAME)";
				VALIDATE_PRODUCT = YES;
				WRAPPER_EXTENSION = app;
			};
			name = Release;
		};
		E6D0C9F413894ACB00B7F466 /* Debug */ = {
			isa = XCBuildConfiguration;
			buildSettings = {
				ALWAYS_SEARCH_USER_PATHS = NO;
				BUNDLE_LOADER = "$(BUILT_PRODUCTS_DIR)/GenSoup.app/GenSoup";
				FRAMEWORK_SEARCH_PATHS = (
					"$(SDKROOT)/Developer/Library/Frameworks",
					"$(DEVELOPER_LIBRARY_DIR)/Frameworks",
				);
				GCC_PRECOMPILE_PREFIX_HEADER = YES;
				GCC_PREFIX_HEADER = "GenSoupTests/GenSoupTests-Prefix.pch";
				INFOPLIST_FILE = "GenSoupTests/GenSoupTests-Info.plist";
				LIBRARY_SEARCH_PATHS = (
					"$(inherited)",
					"\"$(SRCROOT)/GenSoupTests/OCMock\"",
				);
				OTHER_LDFLAGS = (
					"-framework",
					SenTestingKit,
				);
				PRODUCT_NAME = "$(TARGET_NAME)";
				TEST_HOST = "$(BUNDLE_LOADER)";
				WRAPPER_EXTENSION = octest;
			};
			name = Debug;
		};
		E6D0C9F513894ACB00B7F466 /* Release */ = {
			isa = XCBuildConfiguration;
			buildSettings = {
				ALWAYS_SEARCH_USER_PATHS = NO;
				BUNDLE_LOADER = "$(BUILT_PRODUCTS_DIR)/GenSoup.app/GenSoup";
				FRAMEWORK_SEARCH_PATHS = (
					"$(SDKROOT)/Developer/Library/Frameworks",
					"$(DEVELOPER_LIBRARY_DIR)/Frameworks",
				);
				GCC_PRECOMPILE_PREFIX_HEADER = YES;
				GCC_PREFIX_HEADER = "GenSoupTests/GenSoupTests-Prefix.pch";
				INFOPLIST_FILE = "GenSoupTests/GenSoupTests-Info.plist";
				LIBRARY_SEARCH_PATHS = (
					"$(inherited)",
					"\"$(SRCROOT)/GenSoupTests/OCMock\"",
				);
				OTHER_LDFLAGS = (
					"-framework",
					SenTestingKit,
				);
				PRODUCT_NAME = "$(TARGET_NAME)";
				TEST_HOST = "$(BUNDLE_LOADER)";
				WRAPPER_EXTENSION = octest;
			};
			name = Release;
		};
/* End XCBuildConfiguration section */

/* Begin XCConfigurationList section */
		E6D0C9B313894ACB00B7F466 /* Build configuration list for PBXProject "GenSoup" */ = {
			isa = XCConfigurationList;
			buildConfigurations = (
				E6D0C9EE13894ACB00B7F466 /* Debug */,
				E6D0C9EF13894ACB00B7F466 /* Release */,
			);
			defaultConfigurationIsVisible = 0;
			defaultConfigurationName = Release;
		};
		E6D0C9F013894ACB00B7F466 /* Build configuration list for PBXNativeTarget "GenSoup" */ = {
			isa = XCConfigurationList;
			buildConfigurations = (
				E6D0C9F113894ACB00B7F466 /* Debug */,
				E6D0C9F213894ACB00B7F466 /* Release */,
			);
			defaultConfigurationIsVisible = 0;
			defaultConfigurationName = Release;
		};
		E6D0C9F313894ACB00B7F466 /* Build configuration list for PBXNativeTarget "GenSoupTests" */ = {
			isa = XCConfigurationList;
			buildConfigurations = (
				E6D0C9F413894ACB00B7F466 /* Debug */,
				E6D0C9F513894ACB00B7F466 /* Release */,
			);
			defaultConfigurationIsVisible = 0;
			defaultConfigurationName = Release;
		};
/* End XCConfigurationList section */
	};
	rootObject = E6D0C9B013894ACB00B7F466 /* Project object */;
}
